// !$*UTF8*$!
{
	archiveVersion = 1;
	classes = {
	};
	objectVersion = 50;
	objects = {

/* Begin PBXBuildFile section */
		2071952423F2B7A20042B2FB /* ViewController.swift in Sources */ = {isa = PBXBuildFile; fileRef = 2071952323F2B7A20042B2FB /* ViewController.swift */; };
		793731719AEF641CD64DDA2E /* Pods_TinkLinkExample.framework in Frameworks */ = {isa = PBXBuildFile; fileRef = 3780AB4970173A4422933788 /* Pods_TinkLinkExample.framework */; };
		8FC06D2223F196A700CD7B88 /* AppDelegate.swift in Sources */ = {isa = PBXBuildFile; fileRef = 8FC06D2123F196A700CD7B88 /* AppDelegate.swift */; };
		8FC06D2B23F196A900CD7B88 /* Assets.xcassets in Resources */ = {isa = PBXBuildFile; fileRef = 8FC06D2A23F196A900CD7B88 /* Assets.xcassets */; };
		8FC06D2E23F196A900CD7B88 /* LaunchScreen.storyboard in Resources */ = {isa = PBXBuildFile; fileRef = 8FC06D2C23F196A900CD7B88 /* LaunchScreen.storyboard */; };
/* End PBXBuildFile section */

/* Begin PBXFileReference section */
		2068267F25022EAF00666CF3 /* pt */ = {isa = PBXFileReference; lastKnownFileType = text.plist.strings; name = pt; path = pt.lproj/LaunchScreen.strings; sourceTree = "<group>"; };
		2068268025022EDF00666CF3 /* fr */ = {isa = PBXFileReference; lastKnownFileType = text.plist.strings; name = fr; path = fr.lproj/LaunchScreen.strings; sourceTree = "<group>"; };
		2068268125022EE500666CF3 /* de */ = {isa = PBXFileReference; lastKnownFileType = text.plist.strings; name = de; path = de.lproj/LaunchScreen.strings; sourceTree = "<group>"; };
		2068268225022EEC00666CF3 /* nl */ = {isa = PBXFileReference; lastKnownFileType = text.plist.strings; name = nl; path = nl.lproj/LaunchScreen.strings; sourceTree = "<group>"; };
		2068268325022F0100666CF3 /* nb */ = {isa = PBXFileReference; lastKnownFileType = text.plist.strings; name = nb; path = nb.lproj/LaunchScreen.strings; sourceTree = "<group>"; };
		2068268425023C8100666CF3 /* it */ = {isa = PBXFileReference; lastKnownFileType = text.plist.strings; name = it; path = it.lproj/LaunchScreen.strings; sourceTree = "<group>"; };
		2068268525023C8500666CF3 /* es */ = {isa = PBXFileReference; lastKnownFileType = text.plist.strings; name = es; path = es.lproj/LaunchScreen.strings; sourceTree = "<group>"; };
		2068268625023C8A00666CF3 /* da */ = {isa = PBXFileReference; lastKnownFileType = text.plist.strings; name = da; path = da.lproj/LaunchScreen.strings; sourceTree = "<group>"; };
		2068268725023C9900666CF3 /* fi */ = {isa = PBXFileReference; lastKnownFileType = text.plist.strings; name = fi; path = fi.lproj/LaunchScreen.strings; sourceTree = "<group>"; };
		2071952323F2B7A20042B2FB /* ViewController.swift */ = {isa = PBXFileReference; lastKnownFileType = sourcecode.swift; path = ViewController.swift; sourceTree = "<group>"; };
		20C584A22507A24600B7C771 /* sv */ = {isa = PBXFileReference; lastKnownFileType = text.plist.strings; name = sv; path = sv.lproj/LaunchScreen.strings; sourceTree = "<group>"; };
		3780AB4970173A4422933788 /* Pods_TinkLinkExample.framework */ = {isa = PBXFileReference; explicitFileType = wrapper.framework; includeInIndex = 0; path = Pods_TinkLinkExample.framework; sourceTree = BUILT_PRODUCTS_DIR; };
		418B71F8EC9C79DD25BA9CD2 /* Pods-TinkLinkExample.release.xcconfig */ = {isa = PBXFileReference; includeInIndex = 1; lastKnownFileType = text.xcconfig; name = "Pods-TinkLinkExample.release.xcconfig"; path = "Target Support Files/Pods-TinkLinkExample/Pods-TinkLinkExample.release.xcconfig"; sourceTree = "<group>"; };
		8FC06D1E23F196A700CD7B88 /* TinkLinkExample.app */ = {isa = PBXFileReference; explicitFileType = wrapper.application; includeInIndex = 0; path = TinkLinkExample.app; sourceTree = BUILT_PRODUCTS_DIR; };
		8FC06D2123F196A700CD7B88 /* AppDelegate.swift */ = {isa = PBXFileReference; lastKnownFileType = sourcecode.swift; path = AppDelegate.swift; sourceTree = "<group>"; };
		8FC06D2A23F196A900CD7B88 /* Assets.xcassets */ = {isa = PBXFileReference; lastKnownFileType = folder.assetcatalog; path = Assets.xcassets; sourceTree = "<group>"; };
		8FC06D2D23F196A900CD7B88 /* Base */ = {isa = PBXFileReference; lastKnownFileType = file.storyboard; name = Base; path = Base.lproj/LaunchScreen.storyboard; sourceTree = "<group>"; };
		8FC06D2F23F196A900CD7B88 /* Info.plist */ = {isa = PBXFileReference; lastKnownFileType = text.plist.xml; path = Info.plist; sourceTree = "<group>"; };
		99221692805F34EA1BC88BC9 /* Pods-TinkLinkExample.debug.xcconfig */ = {isa = PBXFileReference; includeInIndex = 1; lastKnownFileType = text.xcconfig; name = "Pods-TinkLinkExample.debug.xcconfig"; path = "Target Support Files/Pods-TinkLinkExample/Pods-TinkLinkExample.debug.xcconfig"; sourceTree = "<group>"; };
/* End PBXFileReference section */

/* Begin PBXFrameworksBuildPhase section */
		8FC06D1B23F196A700CD7B88 /* Frameworks */ = {
			isa = PBXFrameworksBuildPhase;
			buildActionMask = 2147483647;
			files = (
				793731719AEF641CD64DDA2E /* Pods_TinkLinkExample.framework in Frameworks */,
			);
			runOnlyForDeploymentPostprocessing = 0;
		};
/* End PBXFrameworksBuildPhase section */

/* Begin PBXGroup section */
		7A5F97AAA6E7856B24C6F879 /* Frameworks */ = {
			isa = PBXGroup;
			children = (
				3780AB4970173A4422933788 /* Pods_TinkLinkExample.framework */,
			);
			name = Frameworks;
			sourceTree = "<group>";
		};
		8F7C465C0116CF637CE9E7F1 /* Pods */ = {
			isa = PBXGroup;
			children = (
				99221692805F34EA1BC88BC9 /* Pods-TinkLinkExample.debug.xcconfig */,
				418B71F8EC9C79DD25BA9CD2 /* Pods-TinkLinkExample.release.xcconfig */,
			);
			path = Pods;
			sourceTree = "<group>";
		};
		8FC06D1523F196A700CD7B88 = {
			isa = PBXGroup;
			children = (
				8FC06D2023F196A700CD7B88 /* TinkLinkExample */,
				8FC06D1F23F196A700CD7B88 /* Products */,
				8F7C465C0116CF637CE9E7F1 /* Pods */,
				7A5F97AAA6E7856B24C6F879 /* Frameworks */,
			);
			sourceTree = "<group>";
		};
		8FC06D1F23F196A700CD7B88 /* Products */ = {
			isa = PBXGroup;
			children = (
				8FC06D1E23F196A700CD7B88 /* TinkLinkExample.app */,
			);
			name = Products;
			sourceTree = "<group>";
		};
		8FC06D2023F196A700CD7B88 /* TinkLinkExample */ = {
			isa = PBXGroup;
			children = (
				8FC06D2123F196A700CD7B88 /* AppDelegate.swift */,
				2071952323F2B7A20042B2FB /* ViewController.swift */,
				8FC06D2A23F196A900CD7B88 /* Assets.xcassets */,
				8FC06D2C23F196A900CD7B88 /* LaunchScreen.storyboard */,
				8FC06D2F23F196A900CD7B88 /* Info.plist */,
			);
			path = TinkLinkExample;
			sourceTree = "<group>";
		};
/* End PBXGroup section */

/* Begin PBXNativeTarget section */
		8FC06D1D23F196A700CD7B88 /* TinkLinkExample */ = {
			isa = PBXNativeTarget;
			buildConfigurationList = 8FC06D3223F196A900CD7B88 /* Build configuration list for PBXNativeTarget "TinkLinkExample" */;
			buildPhases = (
				479597E7C21DE49DD924DAD8 /* [CP] Check Pods Manifest.lock */,
				8FC06D1A23F196A700CD7B88 /* Sources */,
				8FC06D1B23F196A700CD7B88 /* Frameworks */,
				8FC06D1C23F196A700CD7B88 /* Resources */,
				07936E61D4D6390CBE7225C4 /* [CP] Embed Pods Frameworks */,
				37E4AB6991C801E9BA44A52D /* [CP] Copy Pods Resources */,
			);
			buildRules = (
			);
			dependencies = (
			);
			name = TinkLinkExample;
			productName = TinkLinkUIExample;
			productReference = 8FC06D1E23F196A700CD7B88 /* TinkLinkExample.app */;
			productType = "com.apple.product-type.application";
		};
/* End PBXNativeTarget section */

/* Begin PBXProject section */
		8FC06D1623F196A700CD7B88 /* Project object */ = {
			isa = PBXProject;
			attributes = {
				LastSwiftUpdateCheck = 1130;
				LastUpgradeCheck = 1130;
				ORGANIZATIONNAME = Tink;
				TargetAttributes = {
					8FC06D1D23F196A700CD7B88 = {
						CreatedOnToolsVersion = 11.3.1;
					};
				};
			};
			buildConfigurationList = 8FC06D1923F196A700CD7B88 /* Build configuration list for PBXProject "TinkLinkExample" */;
			compatibilityVersion = "Xcode 9.3";
			developmentRegion = en;
			hasScannedForEncodings = 0;
			knownRegions = (
				en,
				Base,
				pt,
				fr,
				de,
				nl,
				nb,
				it,
				es,
				da,
				fi,
				sv,
			);
			mainGroup = 8FC06D1523F196A700CD7B88;
			productRefGroup = 8FC06D1F23F196A700CD7B88 /* Products */;
			projectDirPath = "";
			projectRoot = "";
			targets = (
				8FC06D1D23F196A700CD7B88 /* TinkLinkExample */,
			);
		};
/* End PBXProject section */

/* Begin PBXResourcesBuildPhase section */
		8FC06D1C23F196A700CD7B88 /* Resources */ = {
			isa = PBXResourcesBuildPhase;
			buildActionMask = 2147483647;
			files = (
				8FC06D2E23F196A900CD7B88 /* LaunchScreen.storyboard in Resources */,
				8FC06D2B23F196A900CD7B88 /* Assets.xcassets in Resources */,
			);
			runOnlyForDeploymentPostprocessing = 0;
		};
/* End PBXResourcesBuildPhase section */

/* Begin PBXShellScriptBuildPhase section */
		07936E61D4D6390CBE7225C4 /* [CP] Embed Pods Frameworks */ = {
			isa = PBXShellScriptBuildPhase;
			buildActionMask = 2147483647;
			files = (
			);
			inputFileListPaths = (
			);
			name = "[CP] Embed Pods Frameworks";
			outputFileListPaths = (
			);
			runOnlyForDeploymentPostprocessing = 0;
			shellPath = /bin/sh;
			shellScript = "\"${PODS_ROOT}/Target Support Files/Pods-TinkLinkExample/Pods-TinkLinkExample-frameworks.sh\"\n";
			showEnvVarsInLog = 0;
		};
		37E4AB6991C801E9BA44A52D /* [CP] Copy Pods Resources */ = {
			isa = PBXShellScriptBuildPhase;
			buildActionMask = 2147483647;
			files = (
			);
			inputFileListPaths = (
			);
			name = "[CP] Copy Pods Resources";
			outputFileListPaths = (
			);
			runOnlyForDeploymentPostprocessing = 0;
			shellPath = /bin/sh;
			shellScript = "\"${PODS_ROOT}/Target Support Files/Pods-TinkLinkExample/Pods-TinkLinkExample-resources.sh\"\n";
			showEnvVarsInLog = 0;
		};
		479597E7C21DE49DD924DAD8 /* [CP] Check Pods Manifest.lock */ = {
			isa = PBXShellScriptBuildPhase;
			buildActionMask = 2147483647;
			files = (
			);
			inputFileListPaths = (
			);
			inputPaths = (
				"${PODS_PODFILE_DIR_PATH}/Podfile.lock",
				"${PODS_ROOT}/Manifest.lock",
			);
			name = "[CP] Check Pods Manifest.lock";
			outputFileListPaths = (
			);
			outputPaths = (
				"$(DERIVED_FILE_DIR)/Pods-TinkLinkExample-checkManifestLockResult.txt",
			);
			runOnlyForDeploymentPostprocessing = 0;
			shellPath = /bin/sh;
			shellScript = "diff \"${PODS_PODFILE_DIR_PATH}/Podfile.lock\" \"${PODS_ROOT}/Manifest.lock\" > /dev/null\nif [ $? != 0 ] ; then\n    # print error to STDERR\n    echo \"error: The sandbox is not in sync with the Podfile.lock. Run 'pod install' or update your CocoaPods installation.\" >&2\n    exit 1\nfi\n# This output is used by Xcode 'outputs' to avoid re-running this script phase.\necho \"SUCCESS\" > \"${SCRIPT_OUTPUT_FILE_0}\"\n";
			showEnvVarsInLog = 0;
		};
/* End PBXShellScriptBuildPhase section */

/* Begin PBXSourcesBuildPhase section */
		8FC06D1A23F196A700CD7B88 /* Sources */ = {
			isa = PBXSourcesBuildPhase;
			buildActionMask = 2147483647;
			files = (
				2071952423F2B7A20042B2FB /* ViewController.swift in Sources */,
				8FC06D2223F196A700CD7B88 /* AppDelegate.swift in Sources */,
			);
			runOnlyForDeploymentPostprocessing = 0;
		};
/* End PBXSourcesBuildPhase section */

/* Begin PBXVariantGroup section */
		8FC06D2C23F196A900CD7B88 /* LaunchScreen.storyboard */ = {
			isa = PBXVariantGroup;
			children = (
				8FC06D2D23F196A900CD7B88 /* Base */,
				2068267F25022EAF00666CF3 /* pt */,
				2068268025022EDF00666CF3 /* fr */,
				2068268125022EE500666CF3 /* de */,
				2068268225022EEC00666CF3 /* nl */,
				2068268325022F0100666CF3 /* nb */,
				2068268425023C8100666CF3 /* it */,
				2068268525023C8500666CF3 /* es */,
				2068268625023C8A00666CF3 /* da */,
				2068268725023C9900666CF3 /* fi */,
				20C584A22507A24600B7C771 /* sv */,
			);
			name = LaunchScreen.storyboard;
			sourceTree = "<group>";
		};
/* End PBXVariantGroup section */

/* Begin XCBuildConfiguration section */
		8FC06D3023F196A900CD7B88 /* Debug */ = {
			isa = XCBuildConfiguration;
			buildSettings = {
				ALWAYS_SEARCH_USER_PATHS = NO;
				CLANG_ANALYZER_LOCALIZABILITY_NONLOCALIZED = YES;
				CLANG_ANALYZER_NONNULL = YES;
				CLANG_ANALYZER_NUMBER_OBJECT_CONVERSION = YES_AGGRESSIVE;
				CLANG_CXX_LANGUAGE_STANDARD = "gnu++14";
				CLANG_CXX_LIBRARY = "libc++";
				CLANG_ENABLE_MODULES = YES;
				CLANG_ENABLE_OBJC_ARC = YES;
				CLANG_ENABLE_OBJC_WEAK = YES;
				CLANG_WARN_BLOCK_CAPTURE_AUTORELEASING = YES;
				CLANG_WARN_BOOL_CONVERSION = YES;
				CLANG_WARN_COMMA = YES;
				CLANG_WARN_CONSTANT_CONVERSION = YES;
				CLANG_WARN_DEPRECATED_OBJC_IMPLEMENTATIONS = YES;
				CLANG_WARN_DIRECT_OBJC_ISA_USAGE = YES_ERROR;
				CLANG_WARN_DOCUMENTATION_COMMENTS = YES;
				CLANG_WARN_EMPTY_BODY = YES;
				CLANG_WARN_ENUM_CONVERSION = YES;
				CLANG_WARN_INFINITE_RECURSION = YES;
				CLANG_WARN_INT_CONVERSION = YES;
				CLANG_WARN_NON_LITERAL_NULL_CONVERSION = YES;
				CLANG_WARN_OBJC_IMPLICIT_RETAIN_SELF = YES;
				CLANG_WARN_OBJC_LITERAL_CONVERSION = YES;
				CLANG_WARN_OBJC_ROOT_CLASS = YES_ERROR;
				CLANG_WARN_RANGE_LOOP_ANALYSIS = YES;
				CLANG_WARN_STRICT_PROTOTYPES = YES;
				CLANG_WARN_SUSPICIOUS_MOVE = YES;
				CLANG_WARN_UNGUARDED_AVAILABILITY = YES_AGGRESSIVE;
				CLANG_WARN_UNREACHABLE_CODE = YES;
				CLANG_WARN__DUPLICATE_METHOD_MATCH = YES;
				COPY_PHASE_STRIP = NO;
				DEBUG_INFORMATION_FORMAT = dwarf;
				ENABLE_STRICT_OBJC_MSGSEND = YES;
				ENABLE_TESTABILITY = YES;
				GCC_C_LANGUAGE_STANDARD = gnu11;
				GCC_DYNAMIC_NO_PIC = NO;
				GCC_NO_COMMON_BLOCKS = YES;
				GCC_OPTIMIZATION_LEVEL = 0;
				GCC_PREPROCESSOR_DEFINITIONS = (
					"DEBUG=1",
					"$(inherited)",
				);
				GCC_WARN_64_TO_32_BIT_CONVERSION = YES;
				GCC_WARN_ABOUT_RETURN_TYPE = YES_ERROR;
				GCC_WARN_UNDECLARED_SELECTOR = YES;
				GCC_WARN_UNINITIALIZED_AUTOS = YES_AGGRESSIVE;
				GCC_WARN_UNUSED_FUNCTION = YES;
				GCC_WARN_UNUSED_VARIABLE = YES;
				IPHONEOS_DEPLOYMENT_TARGET = 11.0;
				MTL_ENABLE_DEBUG_INFO = INCLUDE_SOURCE;
				MTL_FAST_MATH = YES;
				ONLY_ACTIVE_ARCH = YES;
				SDKROOT = iphoneos;
				SWIFT_ACTIVE_COMPILATION_CONDITIONS = DEBUG;
				SWIFT_OPTIMIZATION_LEVEL = "-Onone";
			};
			name = Debug;
		};
		8FC06D3123F196A900CD7B88 /* Release */ = {
			isa = XCBuildConfiguration;
			buildSettings = {
				ALWAYS_SEARCH_USER_PATHS = NO;
				CLANG_ANALYZER_LOCALIZABILITY_NONLOCALIZED = YES;
				CLANG_ANALYZER_NONNULL = YES;
				CLANG_ANALYZER_NUMBER_OBJECT_CONVERSION = YES_AGGRESSIVE;
				CLANG_CXX_LANGUAGE_STANDARD = "gnu++14";
				CLANG_CXX_LIBRARY = "libc++";
				CLANG_ENABLE_MODULES = YES;
				CLANG_ENABLE_OBJC_ARC = YES;
				CLANG_ENABLE_OBJC_WEAK = YES;
				CLANG_WARN_BLOCK_CAPTURE_AUTORELEASING = YES;
				CLANG_WARN_BOOL_CONVERSION = YES;
				CLANG_WARN_COMMA = YES;
				CLANG_WARN_CONSTANT_CONVERSION = YES;
				CLANG_WARN_DEPRECATED_OBJC_IMPLEMENTATIONS = YES;
				CLANG_WARN_DIRECT_OBJC_ISA_USAGE = YES_ERROR;
				CLANG_WARN_DOCUMENTATION_COMMENTS = YES;
				CLANG_WARN_EMPTY_BODY = YES;
				CLANG_WARN_ENUM_CONVERSION = YES;
				CLANG_WARN_INFINITE_RECURSION = YES;
				CLANG_WARN_INT_CONVERSION = YES;
				CLANG_WARN_NON_LITERAL_NULL_CONVERSION = YES;
				CLANG_WARN_OBJC_IMPLICIT_RETAIN_SELF = YES;
				CLANG_WARN_OBJC_LITERAL_CONVERSION = YES;
				CLANG_WARN_OBJC_ROOT_CLASS = YES_ERROR;
				CLANG_WARN_RANGE_LOOP_ANALYSIS = YES;
				CLANG_WARN_STRICT_PROTOTYPES = YES;
				CLANG_WARN_SUSPICIOUS_MOVE = YES;
				CLANG_WARN_UNGUARDED_AVAILABILITY = YES_AGGRESSIVE;
				CLANG_WARN_UNREACHABLE_CODE = YES;
				CLANG_WARN__DUPLICATE_METHOD_MATCH = YES;
				COPY_PHASE_STRIP = NO;
				DEBUG_INFORMATION_FORMAT = "dwarf-with-dsym";
				ENABLE_NS_ASSERTIONS = NO;
				ENABLE_STRICT_OBJC_MSGSEND = YES;
				GCC_C_LANGUAGE_STANDARD = gnu11;
				GCC_NO_COMMON_BLOCKS = YES;
				GCC_WARN_64_TO_32_BIT_CONVERSION = YES;
				GCC_WARN_ABOUT_RETURN_TYPE = YES_ERROR;
				GCC_WARN_UNDECLARED_SELECTOR = YES;
				GCC_WARN_UNINITIALIZED_AUTOS = YES_AGGRESSIVE;
				GCC_WARN_UNUSED_FUNCTION = YES;
				GCC_WARN_UNUSED_VARIABLE = YES;
				IPHONEOS_DEPLOYMENT_TARGET = 11.0;
				MTL_ENABLE_DEBUG_INFO = NO;
				MTL_FAST_MATH = YES;
				SDKROOT = iphoneos;
				SWIFT_COMPILATION_MODE = wholemodule;
				SWIFT_OPTIMIZATION_LEVEL = "-O";
				VALIDATE_PRODUCT = YES;
			};
			name = Release;
		};
		8FC06D3323F196A900CD7B88 /* Debug */ = {
			isa = XCBuildConfiguration;
			baseConfigurationReference = 99221692805F34EA1BC88BC9 /* Pods-TinkLinkExample.debug.xcconfig */;
			buildSettings = {
				ASSETCATALOG_COMPILER_APPICON_NAME = AppIcon;
				CODE_SIGN_STYLE = Manual;
				INFOPLIST_FILE = TinkLinkExample/Info.plist;
				LD_RUNPATH_SEARCH_PATHS = (
					"$(inherited)",
					"@executable_path/Frameworks",
				);
				PRODUCT_BUNDLE_IDENTIFIER = com.tink.TinkLinkExample;
				PRODUCT_NAME = "$(TARGET_NAME)";
				SWIFT_VERSION = 5.0;
				TARGETED_DEVICE_FAMILY = "1,2";
			};
			name = Debug;
		};
		8FC06D3423F196A900CD7B88 /* Release */ = {
			isa = XCBuildConfiguration;
			baseConfigurationReference = 418B71F8EC9C79DD25BA9CD2 /* Pods-TinkLinkExample.release.xcconfig */;
			buildSettings = {
				ASSETCATALOG_COMPILER_APPICON_NAME = AppIcon;
				CODE_SIGN_STYLE = Manual;
				INFOPLIST_FILE = TinkLinkExample/Info.plist;
				LD_RUNPATH_SEARCH_PATHS = (
					"$(inherited)",
					"@executable_path/Frameworks",
				);
				PRODUCT_BUNDLE_IDENTIFIER = com.tink.TinkLinkExample;
				PRODUCT_NAME = "$(TARGET_NAME)";
				SWIFT_VERSION = 5.0;
				TARGETED_DEVICE_FAMILY = "1,2";
			};
			name = Release;
		};
/* End XCBuildConfiguration section */

/* Begin XCConfigurationList section */
		8FC06D1923F196A700CD7B88 /* Build configuration list for PBXProject "TinkLinkExample" */ = {
			isa = XCConfigurationList;
			buildConfigurations = (
				8FC06D3023F196A900CD7B88 /* Debug */,
				8FC06D3123F196A900CD7B88 /* Release */,
			);
			defaultConfigurationIsVisible = 0;
			defaultConfigurationName = Release;
		};
		8FC06D3223F196A900CD7B88 /* Build configuration list for PBXNativeTarget "TinkLinkExample" */ = {
			isa = XCConfigurationList;
			buildConfigurations = (
				8FC06D3323F196A900CD7B88 /* Debug */,
				8FC06D3423F196A900CD7B88 /* Release */,
			);
			defaultConfigurationIsVisible = 0;
			defaultConfigurationName = Release;
		};
/* End XCConfigurationList section */
	};
	rootObject = 8FC06D1623F196A700CD7B88 /* Project object */;
}
