{
  "object": {
    "pins": [
      {
        "package": "TinkCore",
        "repositoryURL": "https://github.com/tink-ab/tink-core-ios",
        "state": {
          "branch": null,
          "revision": "44c282bcdee09c8e6e9c827ee875bd82d7fab620",
          "version": "0.1.6"
        }
      }
    ]
  },
  "version": 1
}
