{
  "object": {
    "pins": [
      {
        "package": "Down",
        "repositoryURL": "https://github.com/iwasrobbed/Down",
        "state": {
          "branch": null,
          "revision": "427aec0a0ab342246ec02369dea398597b61174a",
          "version": "0.9.3"
        }
      },
      {
        "package": "Kingfisher",
        "repositoryURL": "https://github.com/onevcat/Kingfisher",
        "state": {
          "branch": null,
          "revision": "1aa9889e5f7d9d92acda014eea9cdc7338d3d7d6",
          "version": "5.15.6"
        }
      },
      {
        "package": "TinkCore",
        "repositoryURL": "git@github.com:tink-ab/tink-core-ios-private.git",
        "state": {
          "branch": "1.0",
          "revision": "bcbc6902d50ee202374a595fabf0fdaae2f397ed",
          "version": null
        }
      }
    ]
  },
  "version": 1
}
