PODS:
  - Down (0.9.3)
  - Kingfisher (5.14.0):
    - Kingfisher/Core (= 5.14.0)
  - Kingfisher/Core (5.14.0)
  - TinkCore (0.1.1)
  - TinkLink (0.14.2):
    - TinkCore

DEPENDENCIES:
  - Down (~> 0.9)
  - Kingfisher (~> 5.13)
  - "TinkCore (from `git@github.com-core:tink-ab/tink-core-ios-private`)"
  - TinkLink (from `../../`)

SPEC REPOS:
  trunk:
    - Down
    - Kingfisher

EXTERNAL SOURCES:
  TinkCore:
    :git: "git@github.com-core:tink-ab/tink-core-ios-private"
  TinkLink:
    :path: "../../"

CHECKOUT OPTIONS:
  TinkCore:
    :commit: c3dccd4cefa724a368fdd5e53733bc53eec4a409
    :git: "git@github.com-core:tink-ab/tink-core-ios-private"

SPEC CHECKSUMS:
  Down: 4553b984236807e384fa0ef7c7e360ef9f7c425d
  Kingfisher: 7b64389a43139c903ec434788344c288217c792d
  TinkCore: bc12eca26b5d88617a98b957acb3f0df0e647abd
  TinkLink: 7f6b2d82fb6252f54e662f5a05c5c6aa5d1faa27

PODFILE CHECKSUM: aa4973ea0da6520cd73511814fcac85af040f923

COCOAPODS: 1.9.3
