PODS:
  - Down (0.9.2)
  - Kingfisher (5.13.4):
    - Kingfisher/Core (= 5.13.4)
  - Kingfisher/Core (5.13.4)
  - TinkLink (0.14.2)
  - TinkLinkUI (0.14.2):
    - Down (~> 0.9)
    - Kingfisher (~> 5.13)
    - TinkLink (= 0.14.2)

DEPENDENCIES:
  - TinkLink (from `../../`)
  - TinkLinkUI (from `../../`)

SPEC REPOS:
  trunk:
    - Down
    - Kingfisher

EXTERNAL SOURCES:
  TinkLink:
    :path: "../../"
  TinkLinkUI:
    :path: "../../"

SPEC CHECKSUMS:
  Down: 1f6a14846dff45ae8e7e4334b4e386a5fd3b2412
  Kingfisher: d2279a7abece3c7f25a80cd2b7f363ca5cf3f44c
  TinkLink: 73b9c8936efb9e582b008491bfdafe1cb7e76022
  TinkLinkUI: 1eed1f8be990180aee49bc13e2edae013beb17fd

PODFILE CHECKSUM: dbf01eacfc6ae873722befb0ef92fe0734051573

COCOAPODS: 1.9.1
