PODS:
  - Down (0.9.3)
  - Kingfisher (5.14.1):
    - Kingfisher/Core (= 5.14.1)
  - Kingfisher/Core (5.14.1)
  - TinkCore (0.1.0)
  - TinkLink (0.14.1):
    - TinkCore
  - TinkLinkUI (0.14.1):
    - Down (~> 0.9)
    - Kingfisher (~> 5.13)
    - TinkLink (= 0.14.1)

DEPENDENCIES:
  - "TinkCore (from `git@github.com-core:tink-ab/tink-core-ios-private`)"
  - TinkLink (from `../../`)
  - TinkLinkUI (from `../../`)

SPEC REPOS:
  trunk:
    - Down
    - Kingfisher

EXTERNAL SOURCES:
  TinkCore:
    :git: "git@github.com-core:tink-ab/tink-core-ios-private"
  TinkLink:
    :path: "../../"
  TinkLinkUI:
    :path: "../../"

CHECKOUT OPTIONS:
  TinkCore:
    :commit: e2e8fa8fcbd8ad3882f46ecab79acd10b3856f0a
    :git: "git@github.com-core:tink-ab/tink-core-ios-private"

SPEC CHECKSUMS:
  Down: 4553b984236807e384fa0ef7c7e360ef9f7c425d
  Kingfisher: 8050bc6f7f68cbf3908bd04df7ccbac188f6d6d6
  TinkCore: 6e8b27efd4928b1104cd785fe49c6fbb9d4238e1
  TinkLink: f4383672d8b3b043b06a4eef9c5c701d63cacc48
  TinkLinkUI: 177fa8308cca40e6a5f624ffe72a9d3dc1703220

PODFILE CHECKSUM: bac06a342641a6bd4691514cd5746d490c66d921

COCOAPODS: 1.9.3
