// !$*UTF8*$!
{
	archiveVersion = 1;
	classes = {
	};
	objectVersion = 55;
	objects = {

/* Begin PBXBuildFile section */
		EF8FA79A29ACFF4D00197781 /* TinkLink.xcframework in Frameworks */ = {isa = PBXBuildFile; fileRef = EF8FA79929ACFF4D00197781 /* TinkLink.xcframework */; };
		EF8FA79B29ACFF4D00197781 /* TinkLink.xcframework in Embed Frameworks */ = {isa = PBXBuildFile; fileRef = EF8FA79929ACFF4D00197781 /* TinkLink.xcframework */; settings = {ATTRIBUTES = (CodeSignOnCopy, RemoveHeadersOnCopy, ); }; };
		EFA84D2629645A7A00EB9E67 /* AppDelegate.swift in Sources */ = {isa = PBXBuildFile; fileRef = EFA84D2529645A7A00EB9E67 /* AppDelegate.swift */; };
		EFA84D2829645A7A00EB9E67 /* SceneDelegate.swift in Sources */ = {isa = PBXBuildFile; fileRef = EFA84D2729645A7A00EB9E67 /* SceneDelegate.swift */; };
		EFA84D2A29645A7A00EB9E67 /* ViewController.swift in Sources */ = {isa = PBXBuildFile; fileRef = EFA84D2929645A7A00EB9E67 /* ViewController.swift */; };
		EFA84D2D29645A7A00EB9E67 /* Main.storyboard in Resources */ = {isa = PBXBuildFile; fileRef = EFA84D2B29645A7A00EB9E67 /* Main.storyboard */; };
		EFA84D2F29645A7B00EB9E67 /* Assets.xcassets in Resources */ = {isa = PBXBuildFile; fileRef = EFA84D2E29645A7B00EB9E67 /* Assets.xcassets */; };
		EFA84D3229645A7B00EB9E67 /* LaunchScreen.storyboard in Resources */ = {isa = PBXBuildFile; fileRef = EFA84D3029645A7B00EB9E67 /* LaunchScreen.storyboard */; };
/* End PBXBuildFile section */

/* Begin PBXCopyFilesBuildPhase section */
		EF47154829ACFB6200B341E3 /* Embed Frameworks */ = {
			isa = PBXCopyFilesBuildPhase;
			buildActionMask = 2147483647;
			dstPath = "";
			dstSubfolderSpec = 10;
			files = (
				EF8FA79B29ACFF4D00197781 /* TinkLink.xcframework in Embed Frameworks */,
			);
			name = "Embed Frameworks";
			runOnlyForDeploymentPostprocessing = 0;
		};
/* End PBXCopyFilesBuildPhase section */

/* Begin PBXFileReference section */
		EF8FA79929ACFF4D00197781 /* TinkLink.xcframework */ = {isa = PBXFileReference; lastKnownFileType = wrapper.xcframework; name = TinkLink.xcframework; path = ../../TinkLink.xcframework; sourceTree = "<group>"; };
		EFA84D2229645A7A00EB9E67 /* TinkLinkSimpleSample.app */ = {isa = PBXFileReference; explicitFileType = wrapper.application; includeInIndex = 0; path = TinkLinkSimpleSample.app; sourceTree = BUILT_PRODUCTS_DIR; };
		EFA84D2529645A7A00EB9E67 /* AppDelegate.swift */ = {isa = PBXFileReference; lastKnownFileType = sourcecode.swift; path = AppDelegate.swift; sourceTree = "<group>"; };
		EFA84D2729645A7A00EB9E67 /* SceneDelegate.swift */ = {isa = PBXFileReference; lastKnownFileType = sourcecode.swift; path = SceneDelegate.swift; sourceTree = "<group>"; };
		EFA84D2929645A7A00EB9E67 /* ViewController.swift */ = {isa = PBXFileReference; lastKnownFileType = sourcecode.swift; path = ViewController.swift; sourceTree = "<group>"; };
		EFA84D2C29645A7A00EB9E67 /* Base */ = {isa = PBXFileReference; lastKnownFileType = file.storyboard; name = Base; path = Base.lproj/Main.storyboard; sourceTree = "<group>"; };
		EFA84D2E29645A7B00EB9E67 /* Assets.xcassets */ = {isa = PBXFileReference; lastKnownFileType = folder.assetcatalog; path = Assets.xcassets; sourceTree = "<group>"; };
		EFA84D3129645A7B00EB9E67 /* Base */ = {isa = PBXFileReference; lastKnownFileType = file.storyboard; name = Base; path = Base.lproj/LaunchScreen.storyboard; sourceTree = "<group>"; };
		EFA84D3329645A7B00EB9E67 /* Info.plist */ = {isa = PBXFileReference; lastKnownFileType = text.plist.xml; path = Info.plist; sourceTree = "<group>"; };
/* End PBXFileReference section */

/* Begin PBXFrameworksBuildPhase section */
		EFA84D1F29645A7A00EB9E67 /* Frameworks */ = {
			isa = PBXFrameworksBuildPhase;
			buildActionMask = 2147483647;
			files = (
				EF8FA79A29ACFF4D00197781 /* TinkLink.xcframework in Frameworks */,
			);
			runOnlyForDeploymentPostprocessing = 0;
		};
/* End PBXFrameworksBuildPhase section */

/* Begin PBXGroup section */
		EFA84D1929645A7A00EB9E67 = {
			isa = PBXGroup;
			children = (
				EFA84D2429645A7A00EB9E67 /* TinkLinkSimpleSample */,
				EFA84D2329645A7A00EB9E67 /* Products */,
				EFB0105929646AE9002EC35A /* Frameworks */,
			);
			sourceTree = "<group>";
		};
		EFA84D2329645A7A00EB9E67 /* Products */ = {
			isa = PBXGroup;
			children = (
				EFA84D2229645A7A00EB9E67 /* TinkLinkSimpleSample.app */,
			);
			name = Products;
			sourceTree = "<group>";
		};
		EFA84D2429645A7A00EB9E67 /* TinkLinkSimpleSample */ = {
			isa = PBXGroup;
			children = (
				EFA84D2529645A7A00EB9E67 /* AppDelegate.swift */,
				EFA84D2729645A7A00EB9E67 /* SceneDelegate.swift */,
				EFA84D2929645A7A00EB9E67 /* ViewController.swift */,
				EFA84D2B29645A7A00EB9E67 /* Main.storyboard */,
				EFA84D2E29645A7B00EB9E67 /* Assets.xcassets */,
				EFA84D3029645A7B00EB9E67 /* LaunchScreen.storyboard */,
				EFA84D3329645A7B00EB9E67 /* Info.plist */,
			);
			path = TinkLinkSimpleSample;
			sourceTree = "<group>";
		};
		EFB0105929646AE9002EC35A /* Frameworks */ = {
			isa = PBXGroup;
			children = (
				EF8FA79929ACFF4D00197781 /* TinkLink.xcframework */,
			);
			name = Frameworks;
			sourceTree = "<group>";
		};
/* End PBXGroup section */

/* Begin PBXNativeTarget section */
		EFA84D2129645A7A00EB9E67 /* TinkLinkSimpleSample */ = {
			isa = PBXNativeTarget;
			buildConfigurationList = EFA84D3629645A7B00EB9E67 /* Build configuration list for PBXNativeTarget "TinkLinkSimpleSample" */;
			buildPhases = (
				EFA84D1E29645A7A00EB9E67 /* Sources */,
				EFA84D1F29645A7A00EB9E67 /* Frameworks */,
				EFA84D2029645A7A00EB9E67 /* Resources */,
				EF47154829ACFB6200B341E3 /* Embed Frameworks */,
			);
			buildRules = (
			);
			dependencies = (
			);
			name = TinkLinkSimpleSample;
			packageProductDependencies = (
			);
			productName = TinkLinkSimpleSample;
			productReference = EFA84D2229645A7A00EB9E67 /* TinkLinkSimpleSample.app */;
			productType = "com.apple.product-type.application";
		};
/* End PBXNativeTarget section */

/* Begin PBXProject section */
		EFA84D1A29645A7A00EB9E67 /* Project object */ = {
			isa = PBXProject;
			attributes = {
				BuildIndependentTargetsInParallel = 1;
				LastSwiftUpdateCheck = 1420;
				LastUpgradeCheck = 1420;
				TargetAttributes = {
					EFA84D2129645A7A00EB9E67 = {
						CreatedOnToolsVersion = 14.2;
					};
				};
			};
			buildConfigurationList = EFA84D1D29645A7A00EB9E67 /* Build configuration list for PBXProject "TinkLinkSimpleSample" */;
			compatibilityVersion = "Xcode 13.0";
			developmentRegion = en;
			hasScannedForEncodings = 0;
			knownRegions = (
				en,
				Base,
			);
			mainGroup = EFA84D1929645A7A00EB9E67;
			productRefGroup = EFA84D2329645A7A00EB9E67 /* Products */;
			projectDirPath = "";
			projectRoot = "";
			targets = (
				EFA84D2129645A7A00EB9E67 /* TinkLinkSimpleSample */,
			);
		};
/* End PBXProject section */

/* Begin PBXResourcesBuildPhase section */
		EFA84D2029645A7A00EB9E67 /* Resources */ = {
			isa = PBXResourcesBuildPhase;
			buildActionMask = 2147483647;
			files = (
				EFA84D3229645A7B00EB9E67 /* LaunchScreen.storyboard in Resources */,
				EFA84D2F29645A7B00EB9E67 /* Assets.xcassets in Resources */,
				EFA84D2D29645A7A00EB9E67 /* Main.storyboard in Resources */,
			);
			runOnlyForDeploymentPostprocessing = 0;
		};
/* End PBXResourcesBuildPhase section */

/* Begin PBXSourcesBuildPhase section */
		EFA84D1E29645A7A00EB9E67 /* Sources */ = {
			isa = PBXSourcesBuildPhase;
			buildActionMask = 2147483647;
			files = (
				EFA84D2A29645A7A00EB9E67 /* ViewController.swift in Sources */,
				EFA84D2629645A7A00EB9E67 /* AppDelegate.swift in Sources */,
				EFA84D2829645A7A00EB9E67 /* SceneDelegate.swift in Sources */,
			);
			runOnlyForDeploymentPostprocessing = 0;
		};
/* End PBXSourcesBuildPhase section */

/* Begin PBXVariantGroup section */
		EFA84D2B29645A7A00EB9E67 /* Main.storyboard */ = {
			isa = PBXVariantGroup;
			children = (
				EFA84D2C29645A7A00EB9E67 /* Base */,
			);
			name = Main.storyboard;
			sourceTree = "<group>";
		};
		EFA84D3029645A7B00EB9E67 /* LaunchScreen.storyboard */ = {
			isa = PBXVariantGroup;
			children = (
				EFA84D3129645A7B00EB9E67 /* Base */,
			);
			name = LaunchScreen.storyboard;
			sourceTree = "<group>";
		};
/* End PBXVariantGroup section */

/* Begin XCBuildConfiguration section */
		EFA84D3429645A7B00EB9E67 /* Debug */ = {
			isa = XCBuildConfiguration;
			buildSettings = {
				ALWAYS_SEARCH_USER_PATHS = NO;
				CLANG_ANALYZER_NONNULL = YES;
				CLANG_ANALYZER_NUMBER_OBJECT_CONVERSION = YES_AGGRESSIVE;
				CLANG_CXX_LANGUAGE_STANDARD = "gnu++20";
				CLANG_ENABLE_MODULES = YES;
				CLANG_ENABLE_OBJC_ARC = YES;
				CLANG_ENABLE_OBJC_WEAK = YES;
				CLANG_WARN_BLOCK_CAPTURE_AUTORELEASING = YES;
				CLANG_WARN_BOOL_CONVERSION = YES;
				CLANG_WARN_COMMA = YES;
				CLANG_WARN_CONSTANT_CONVERSION = YES;
				CLANG_WARN_DEPRECATED_OBJC_IMPLEMENTATIONS = YES;
				CLANG_WARN_DIRECT_OBJC_ISA_USAGE = YES_ERROR;
				CLANG_WARN_DOCUMENTATION_COMMENTS = YES;
				CLANG_WARN_EMPTY_BODY = YES;
				CLANG_WARN_ENUM_CONVERSION = YES;
				CLANG_WARN_INFINITE_RECURSION = YES;
				CLANG_WARN_INT_CONVERSION = YES;
				CLANG_WARN_NON_LITERAL_NULL_CONVERSION = YES;
				CLANG_WARN_OBJC_IMPLICIT_RETAIN_SELF = YES;
				CLANG_WARN_OBJC_LITERAL_CONVERSION = YES;
				CLANG_WARN_OBJC_ROOT_CLASS = YES_ERROR;
				CLANG_WARN_QUOTED_INCLUDE_IN_FRAMEWORK_HEADER = YES;
				CLANG_WARN_RANGE_LOOP_ANALYSIS = YES;
				CLANG_WARN_STRICT_PROTOTYPES = YES;
				CLANG_WARN_SUSPICIOUS_MOVE = YES;
				CLANG_WARN_UNGUARDED_AVAILABILITY = YES_AGGRESSIVE;
				CLANG_WARN_UNREACHABLE_CODE = YES;
				CLANG_WARN__DUPLICATE_METHOD_MATCH = YES;
				COPY_PHASE_STRIP = NO;
				DEBUG_INFORMATION_FORMAT = dwarf;
				ENABLE_STRICT_OBJC_MSGSEND = YES;
				ENABLE_TESTABILITY = YES;
				GCC_C_LANGUAGE_STANDARD = gnu11;
				GCC_DYNAMIC_NO_PIC = NO;
				GCC_NO_COMMON_BLOCKS = YES;
				GCC_OPTIMIZATION_LEVEL = 0;
				GCC_PREPROCESSOR_DEFINITIONS = (
					"DEBUG=1",
					"$(inherited)",
				);
				GCC_WARN_64_TO_32_BIT_CONVERSION = YES;
				GCC_WARN_ABOUT_RETURN_TYPE = YES_ERROR;
				GCC_WARN_UNDECLARED_SELECTOR = YES;
				GCC_WARN_UNINITIALIZED_AUTOS = YES_AGGRESSIVE;
				GCC_WARN_UNUSED_FUNCTION = YES;
				GCC_WARN_UNUSED_VARIABLE = YES;
				IPHONEOS_DEPLOYMENT_TARGET = 16.2;
				MTL_ENABLE_DEBUG_INFO = INCLUDE_SOURCE;
				MTL_FAST_MATH = YES;
				ONLY_ACTIVE_ARCH = YES;
				SDKROOT = iphoneos;
				SWIFT_ACTIVE_COMPILATION_CONDITIONS = DEBUG;
				SWIFT_OPTIMIZATION_LEVEL = "-Onone";
			};
			name = Debug;
		};
		EFA84D3529645A7B00EB9E67 /* Release */ = {
			isa = XCBuildConfiguration;
			buildSettings = {
				ALWAYS_SEARCH_USER_PATHS = NO;
				CLANG_ANALYZER_NONNULL = YES;
				CLANG_ANALYZER_NUMBER_OBJECT_CONVERSION = YES_AGGRESSIVE;
				CLANG_CXX_LANGUAGE_STANDARD = "gnu++20";
				CLANG_ENABLE_MODULES = YES;
				CLANG_ENABLE_OBJC_ARC = YES;
				CLANG_ENABLE_OBJC_WEAK = YES;
				CLANG_WARN_BLOCK_CAPTURE_AUTORELEASING = YES;
				CLANG_WARN_BOOL_CONVERSION = YES;
				CLANG_WARN_COMMA = YES;
				CLANG_WARN_CONSTANT_CONVERSION = YES;
				CLANG_WARN_DEPRECATED_OBJC_IMPLEMENTATIONS = YES;
				CLANG_WARN_DIRECT_OBJC_ISA_USAGE = YES_ERROR;
				CLANG_WARN_DOCUMENTATION_COMMENTS = YES;
				CLANG_WARN_EMPTY_BODY = YES;
				CLANG_WARN_ENUM_CONVERSION = YES;
				CLANG_WARN_INFINITE_RECURSION = YES;
				CLANG_WARN_INT_CONVERSION = YES;
				CLANG_WARN_NON_LITERAL_NULL_CONVERSION = YES;
				CLANG_WARN_OBJC_IMPLICIT_RETAIN_SELF = YES;
				CLANG_WARN_OBJC_LITERAL_CONVERSION = YES;
				CLANG_WARN_OBJC_ROOT_CLASS = YES_ERROR;
				CLANG_WARN_QUOTED_INCLUDE_IN_FRAMEWORK_HEADER = YES;
				CLANG_WARN_RANGE_LOOP_ANALYSIS = YES;
				CLANG_WARN_STRICT_PROTOTYPES = YES;
				CLANG_WARN_SUSPICIOUS_MOVE = YES;
				CLANG_WARN_UNGUARDED_AVAILABILITY = YES_AGGRESSIVE;
				CLANG_WARN_UNREACHABLE_CODE = YES;
				CLANG_WARN__DUPLICATE_METHOD_MATCH = YES;
				COPY_PHASE_STRIP = NO;
				DEBUG_INFORMATION_FORMAT = "dwarf-with-dsym";
				ENABLE_NS_ASSERTIONS = NO;
				ENABLE_STRICT_OBJC_MSGSEND = YES;
				GCC_C_LANGUAGE_STANDARD = gnu11;
				GCC_NO_COMMON_BLOCKS = YES;
				GCC_WARN_64_TO_32_BIT_CONVERSION = YES;
				GCC_WARN_ABOUT_RETURN_TYPE = YES_ERROR;
				GCC_WARN_UNDECLARED_SELECTOR = YES;
				GCC_WARN_UNINITIALIZED_AUTOS = YES_AGGRESSIVE;
				GCC_WARN_UNUSED_FUNCTION = YES;
				GCC_WARN_UNUSED_VARIABLE = YES;
				IPHONEOS_DEPLOYMENT_TARGET = 16.2;
				MTL_ENABLE_DEBUG_INFO = NO;
				MTL_FAST_MATH = YES;
				SDKROOT = iphoneos;
				SWIFT_COMPILATION_MODE = wholemodule;
				SWIFT_OPTIMIZATION_LEVEL = "-O";
				VALIDATE_PRODUCT = YES;
			};
			name = Release;
		};
		EFA84D3729645A7B00EB9E67 /* Debug */ = {
			isa = XCBuildConfiguration;
			buildSettings = {
				ASSETCATALOG_COMPILER_APPICON_NAME = AppIcon;
				ASSETCATALOG_COMPILER_GLOBAL_ACCENT_COLOR_NAME = AccentColor;
				CODE_SIGN_STYLE = Manual;
				CURRENT_PROJECT_VERSION = 1;
				DEVELOPMENT_TEAM = "";
				GENERATE_INFOPLIST_FILE = YES;
				INFOPLIST_FILE = TinkLinkSimpleSample/Info.plist;
				INFOPLIST_KEY_CFBundleDisplayName = Sample;
				INFOPLIST_KEY_UIApplicationSupportsIndirectInputEvents = YES;
				INFOPLIST_KEY_UILaunchStoryboardName = LaunchScreen;
				INFOPLIST_KEY_UIMainStoryboardFile = Main;
				INFOPLIST_KEY_UISupportedInterfaceOrientations = UIInterfaceOrientationPortrait;
				INFOPLIST_KEY_UISupportedInterfaceOrientations_iPad = "UIInterfaceOrientationLandscapeLeft UIInterfaceOrientationLandscapeRight UIInterfaceOrientationPortrait UIInterfaceOrientationPortraitUpsideDown";
				IPHONEOS_DEPLOYMENT_TARGET = 13.0;
				LD_RUNPATH_SEARCH_PATHS = (
					"$(inherited)",
					"@executable_path/Frameworks",
				);
				MARKETING_VERSION = 1.0.0;
				PRODUCT_BUNDLE_IDENTIFIER = com.tink.TinkLinkSimpleSample;
				PRODUCT_NAME = "$(TARGET_NAME)";
				PROVISIONING_PROFILE_SPECIFIER = "";
				SUPPORTED_PLATFORMS = "iphoneos iphonesimulator";
				SUPPORTS_MACCATALYST = NO;
				SUPPORTS_MAC_DESIGNED_FOR_IPHONE_IPAD = NO;
				SWIFT_EMIT_LOC_STRINGS = YES;
				SWIFT_VERSION = 5.0;
				TARGETED_DEVICE_FAMILY = 1;
			};
			name = Debug;
		};
		EFA84D3829645A7B00EB9E67 /* Release */ = {
			isa = XCBuildConfiguration;
			buildSettings = {
				ASSETCATALOG_COMPILER_APPICON_NAME = AppIcon;
				ASSETCATALOG_COMPILER_GLOBAL_ACCENT_COLOR_NAME = AccentColor;
				CODE_SIGN_STYLE = Manual;
				CURRENT_PROJECT_VERSION = 1;
				DEVELOPMENT_TEAM = "";
				GENERATE_INFOPLIST_FILE = YES;
				INFOPLIST_FILE = TinkLinkSimpleSample/Info.plist;
				INFOPLIST_KEY_CFBundleDisplayName = Sample;
				INFOPLIST_KEY_UIApplicationSupportsIndirectInputEvents = YES;
				INFOPLIST_KEY_UILaunchStoryboardName = LaunchScreen;
				INFOPLIST_KEY_UIMainStoryboardFile = Main;
				INFOPLIST_KEY_UISupportedInterfaceOrientations = UIInterfaceOrientationPortrait;
				INFOPLIST_KEY_UISupportedInterfaceOrientations_iPad = "UIInterfaceOrientationLandscapeLeft UIInterfaceOrientationLandscapeRight UIInterfaceOrientationPortrait UIInterfaceOrientationPortraitUpsideDown";
				IPHONEOS_DEPLOYMENT_TARGET = 13.0;
				LD_RUNPATH_SEARCH_PATHS = (
					"$(inherited)",
					"@executable_path/Frameworks",
				);
				MARKETING_VERSION = 1.0.0;
				PRODUCT_BUNDLE_IDENTIFIER = com.tink.TinkLinkSimpleSample;
				PRODUCT_NAME = "$(TARGET_NAME)";
				PROVISIONING_PROFILE_SPECIFIER = "";
				SUPPORTED_PLATFORMS = "iphoneos iphonesimulator";
				SUPPORTS_MACCATALYST = NO;
				SUPPORTS_MAC_DESIGNED_FOR_IPHONE_IPAD = NO;
				SWIFT_EMIT_LOC_STRINGS = YES;
				SWIFT_VERSION = 5.0;
				TARGETED_DEVICE_FAMILY = 1;
			};
			name = Release;
		};
/* End XCBuildConfiguration section */

/* Begin XCConfigurationList section */
		EFA84D1D29645A7A00EB9E67 /* Build configuration list for PBXProject "TinkLinkSimpleSample" */ = {
			isa = XCConfigurationList;
			buildConfigurations = (
				EFA84D3429645A7B00EB9E67 /* Debug */,
				EFA84D3529645A7B00EB9E67 /* Release */,
			);
			defaultConfigurationIsVisible = 0;
			defaultConfigurationName = Release;
		};
		EFA84D3629645A7B00EB9E67 /* Build configuration list for PBXNativeTarget "TinkLinkSimpleSample" */ = {
			isa = XCConfigurationList;
			buildConfigurations = (
				EFA84D3729645A7B00EB9E67 /* Debug */,
				EFA84D3829645A7B00EB9E67 /* Release */,
			);
			defaultConfigurationIsVisible = 0;
			defaultConfigurationName = Release;
		};
/* End XCConfigurationList section */
	};
	rootObject = EFA84D1A29645A7A00EB9E67 /* Project object */;
}
