// !$*UTF8*$!
{
	archiveVersion = 1;
	classes = {
	};
	objectVersion = 50;
	objects = {

/* Begin PBXBuildFile section */
		5B2940DFB295E44544A4948A /* Pods_TinkLinkTester.framework in Frameworks */ = {isa = PBXBuildFile; fileRef = 103860D3B43D9A6BE38074FD /* Pods_TinkLinkTester.framework */; };
		8F3829542417A29D007C418C /* AppDelegate.swift in Sources */ = {isa = PBXBuildFile; fileRef = 8F3829532417A29D007C418C /* AppDelegate.swift */; };
		8F3829582417A29D007C418C /* ViewController.swift in Sources */ = {isa = PBXBuildFile; fileRef = 8F3829572417A29D007C418C /* ViewController.swift */; };
		8F3829602417A29F007C418C /* LaunchScreen.storyboard in Resources */ = {isa = PBXBuildFile; fileRef = 8F38295E2417A29F007C418C /* LaunchScreen.storyboard */; };
		9D10EE57241A5332007E9822 /* AppearanceProvider+Presets.swift in Sources */ = {isa = PBXBuildFile; fileRef = 9D10EE56241A5332007E9822 /* AppearanceProvider+Presets.swift */; };
		9D10EE5B241A5339007E9822 /* IcecreamViewController.swift in Sources */ = {isa = PBXBuildFile; fileRef = 9D10EE59241A5339007E9822 /* IcecreamViewController.swift */; };
		9D10EE5C241A5339007E9822 /* IcecreamModel.swift in Sources */ = {isa = PBXBuildFile; fileRef = 9D10EE5A241A5339007E9822 /* IcecreamModel.swift */; };
		9D10EE5E241A534C007E9822 /* Assets.xcassets in Resources */ = {isa = PBXBuildFile; fileRef = 9D10EE5D241A534C007E9822 /* Assets.xcassets */; };
/* End PBXBuildFile section */

/* Begin PBXFileReference section */
		103860D3B43D9A6BE38074FD /* Pods_TinkLinkTester.framework */ = {isa = PBXFileReference; explicitFileType = wrapper.framework; includeInIndex = 0; path = Pods_TinkLinkTester.framework; sourceTree = BUILT_PRODUCTS_DIR; };
		20CD80E22446F5920051C728 /* sv */ = {isa = PBXFileReference; lastKnownFileType = text.plist.strings; name = sv; path = sv.lproj/LaunchScreen.strings; sourceTree = "<group>"; };
		575B0CE02822E1C4A76C77E8 /* Pods-TinkLinkTester.release.xcconfig */ = {isa = PBXFileReference; includeInIndex = 1; lastKnownFileType = text.xcconfig; name = "Pods-TinkLinkTester.release.xcconfig"; path = "Target Support Files/Pods-TinkLinkTester/Pods-TinkLinkTester.release.xcconfig"; sourceTree = "<group>"; };
		8F3829502417A29D007C418C /* TinkLinkTester.app */ = {isa = PBXFileReference; explicitFileType = wrapper.application; includeInIndex = 0; path = TinkLinkTester.app; sourceTree = BUILT_PRODUCTS_DIR; };
		8F3829532417A29D007C418C /* AppDelegate.swift */ = {isa = PBXFileReference; lastKnownFileType = sourcecode.swift; path = AppDelegate.swift; sourceTree = "<group>"; };
		8F3829572417A29D007C418C /* ViewController.swift */ = {isa = PBXFileReference; lastKnownFileType = sourcecode.swift; path = ViewController.swift; sourceTree = "<group>"; };
		8F38295F2417A29F007C418C /* Base */ = {isa = PBXFileReference; lastKnownFileType = file.storyboard; name = Base; path = Base.lproj/LaunchScreen.storyboard; sourceTree = "<group>"; };
		8F3829612417A29F007C418C /* Info.plist */ = {isa = PBXFileReference; lastKnownFileType = text.plist.xml; path = Info.plist; sourceTree = "<group>"; };
		9D10EE56241A5332007E9822 /* AppearanceProvider+Presets.swift */ = {isa = PBXFileReference; fileEncoding = 4; lastKnownFileType = sourcecode.swift; path = "AppearanceProvider+Presets.swift"; sourceTree = "<group>"; };
		9D10EE59241A5339007E9822 /* IcecreamViewController.swift */ = {isa = PBXFileReference; fileEncoding = 4; lastKnownFileType = sourcecode.swift; path = IcecreamViewController.swift; sourceTree = "<group>"; };
		9D10EE5A241A5339007E9822 /* IcecreamModel.swift */ = {isa = PBXFileReference; fileEncoding = 4; lastKnownFileType = sourcecode.swift; path = IcecreamModel.swift; sourceTree = "<group>"; };
		9D10EE5D241A534C007E9822 /* Assets.xcassets */ = {isa = PBXFileReference; lastKnownFileType = folder.assetcatalog; path = Assets.xcassets; sourceTree = "<group>"; };
		A8AC9FEB4154B7BE1719DD91 /* Pods-TinkLinkTester.debug.xcconfig */ = {isa = PBXFileReference; includeInIndex = 1; lastKnownFileType = text.xcconfig; name = "Pods-TinkLinkTester.debug.xcconfig"; path = "Target Support Files/Pods-TinkLinkTester/Pods-TinkLinkTester.debug.xcconfig"; sourceTree = "<group>"; };
/* End PBXFileReference section */

/* Begin PBXFrameworksBuildPhase section */
		8F38294D2417A29D007C418C /* Frameworks */ = {
			isa = PBXFrameworksBuildPhase;
			buildActionMask = 2147483647;
			files = (
				5B2940DFB295E44544A4948A /* Pods_TinkLinkTester.framework in Frameworks */,
			);
			runOnlyForDeploymentPostprocessing = 0;
		};
/* End PBXFrameworksBuildPhase section */

/* Begin PBXGroup section */
		8F3829472417A29D007C418C = {
			isa = PBXGroup;
			children = (
				8F3829522417A29D007C418C /* TinkLinkTester */,
				8F3829512417A29D007C418C /* Products */,
				BDADEFE1E7F553DE3C712D05 /* Pods */,
				A69790D6D8367CAC6CF86A04 /* Frameworks */,
			);
			sourceTree = "<group>";
		};
		8F3829512417A29D007C418C /* Products */ = {
			isa = PBXGroup;
			children = (
				8F3829502417A29D007C418C /* TinkLinkTester.app */,
			);
			name = Products;
			sourceTree = "<group>";
		};
		8F3829522417A29D007C418C /* TinkLinkTester */ = {
			isa = PBXGroup;
			children = (
				9D10EE58241A5339007E9822 /* Icecream */,
				9D10EE56241A5332007E9822 /* AppearanceProvider+Presets.swift */,
				8F3829532417A29D007C418C /* AppDelegate.swift */,
				8F3829572417A29D007C418C /* ViewController.swift */,
				9D10EE5D241A534C007E9822 /* Assets.xcassets */,
				8F38295E2417A29F007C418C /* LaunchScreen.storyboard */,
				8F3829612417A29F007C418C /* Info.plist */,
			);
			path = TinkLinkTester;
			sourceTree = "<group>";
		};
		9D10EE58241A5339007E9822 /* Icecream */ = {
			isa = PBXGroup;
			children = (
				9D10EE59241A5339007E9822 /* IcecreamViewController.swift */,
				9D10EE5A241A5339007E9822 /* IcecreamModel.swift */,
			);
			path = Icecream;
			sourceTree = "<group>";
		};
		A69790D6D8367CAC6CF86A04 /* Frameworks */ = {
			isa = PBXGroup;
			children = (
				103860D3B43D9A6BE38074FD /* Pods_TinkLinkTester.framework */,
			);
			name = Frameworks;
			sourceTree = "<group>";
		};
		BDADEFE1E7F553DE3C712D05 /* Pods */ = {
			isa = PBXGroup;
			children = (
				A8AC9FEB4154B7BE1719DD91 /* Pods-TinkLinkTester.debug.xcconfig */,
				575B0CE02822E1C4A76C77E8 /* Pods-TinkLinkTester.release.xcconfig */,
			);
			path = Pods;
			sourceTree = "<group>";
		};
/* End PBXGroup section */

/* Begin PBXNativeTarget section */
		8F38294F2417A29D007C418C /* TinkLinkTester */ = {
			isa = PBXNativeTarget;
			buildConfigurationList = 8F3829642417A29F007C418C /* Build configuration list for PBXNativeTarget "TinkLinkTester" */;
			buildPhases = (
				BB08865D69B35AEBAACF519F /* [CP] Check Pods Manifest.lock */,
				8F38294C2417A29D007C418C /* Sources */,
				8F38294D2417A29D007C418C /* Frameworks */,
				8F38294E2417A29D007C418C /* Resources */,
				2B1EC522C0F57F8BFBD68B25 /* [CP] Embed Pods Frameworks */,
			);
			buildRules = (
			);
			dependencies = (
			);
			name = TinkLinkTester;
			productName = TinkLinkTester;
			productReference = 8F3829502417A29D007C418C /* TinkLinkTester.app */;
			productType = "com.apple.product-type.application";
		};
/* End PBXNativeTarget section */

/* Begin PBXProject section */
		8F3829482417A29D007C418C /* Project object */ = {
			isa = PBXProject;
			attributes = {
				LastSwiftUpdateCheck = 1130;
				LastUpgradeCheck = 1130;
				ORGANIZATIONNAME = Tink;
				TargetAttributes = {
					8F38294F2417A29D007C418C = {
						CreatedOnToolsVersion = 11.3.1;
					};
				};
			};
			buildConfigurationList = 8F38294B2417A29D007C418C /* Build configuration list for PBXProject "TinkLink" */;
			compatibilityVersion = "Xcode 9.3";
			developmentRegion = en;
			hasScannedForEncodings = 0;
			knownRegions = (
				en,
				Base,
				sv,
			);
			mainGroup = 8F3829472417A29D007C418C;
			productRefGroup = 8F3829512417A29D007C418C /* Products */;
			projectDirPath = "";
			projectRoot = "";
			targets = (
				8F38294F2417A29D007C418C /* TinkLinkTester */,
			);
		};
/* End PBXProject section */

/* Begin PBXResourcesBuildPhase section */
		8F38294E2417A29D007C418C /* Resources */ = {
			isa = PBXResourcesBuildPhase;
			buildActionMask = 2147483647;
			files = (
				9D10EE5E241A534C007E9822 /* Assets.xcassets in Resources */,
				8F3829602417A29F007C418C /* LaunchScreen.storyboard in Resources */,
			);
			runOnlyForDeploymentPostprocessing = 0;
		};
/* End PBXResourcesBuildPhase section */

/* Begin PBXShellScriptBuildPhase section */
		2B1EC522C0F57F8BFBD68B25 /* [CP] Embed Pods Frameworks */ = {
			isa = PBXShellScriptBuildPhase;
			buildActionMask = 2147483647;
			files = (
			);
			inputFileListPaths = (
				"${PODS_ROOT}/Target Support Files/Pods-TinkLinkTester/Pods-TinkLinkTester-frameworks-${CONFIGURATION}-input-files.xcfilelist",
			);
			name = "[CP] Embed Pods Frameworks";
			outputFileListPaths = (
				"${PODS_ROOT}/Target Support Files/Pods-TinkLinkTester/Pods-TinkLinkTester-frameworks-${CONFIGURATION}-output-files.xcfilelist",
			);
			runOnlyForDeploymentPostprocessing = 0;
			shellPath = /bin/sh;
			shellScript = "\"${PODS_ROOT}/Target Support Files/Pods-TinkLinkTester/Pods-TinkLinkTester-frameworks.sh\"\n";
			showEnvVarsInLog = 0;
		};
		BB08865D69B35AEBAACF519F /* [CP] Check Pods Manifest.lock */ = {
			isa = PBXShellScriptBuildPhase;
			buildActionMask = 2147483647;
			files = (
			);
			inputFileListPaths = (
			);
			inputPaths = (
				"${PODS_PODFILE_DIR_PATH}/Podfile.lock",
				"${PODS_ROOT}/Manifest.lock",
			);
			name = "[CP] Check Pods Manifest.lock";
			outputFileListPaths = (
			);
			outputPaths = (
				"$(DERIVED_FILE_DIR)/Pods-TinkLinkTester-checkManifestLockResult.txt",
			);
			runOnlyForDeploymentPostprocessing = 0;
			shellPath = /bin/sh;
			shellScript = "diff \"${PODS_PODFILE_DIR_PATH}/Podfile.lock\" \"${PODS_ROOT}/Manifest.lock\" > /dev/null\nif [ $? != 0 ] ; then\n    # print error to STDERR\n    echo \"error: The sandbox is not in sync with the Podfile.lock. Run 'pod install' or update your CocoaPods installation.\" >&2\n    exit 1\nfi\n# This output is used by Xcode 'outputs' to avoid re-running this script phase.\necho \"SUCCESS\" > \"${SCRIPT_OUTPUT_FILE_0}\"\n";
			showEnvVarsInLog = 0;
		};
/* End PBXShellScriptBuildPhase section */

/* Begin PBXSourcesBuildPhase section */
		8F38294C2417A29D007C418C /* Sources */ = {
			isa = PBXSourcesBuildPhase;
			buildActionMask = 2147483647;
			files = (
				8F3829582417A29D007C418C /* ViewController.swift in Sources */,
				9D10EE57241A5332007E9822 /* AppearanceProvider+Presets.swift in Sources */,
				8F3829542417A29D007C418C /* AppDelegate.swift in Sources */,
				9D10EE5C241A5339007E9822 /* IcecreamModel.swift in Sources */,
				9D10EE5B241A5339007E9822 /* IcecreamViewController.swift in Sources */,
			);
			runOnlyForDeploymentPostprocessing = 0;
		};
/* End PBXSourcesBuildPhase section */

/* Begin PBXVariantGroup section */
		8F38295E2417A29F007C418C /* LaunchScreen.storyboard */ = {
			isa = PBXVariantGroup;
			children = (
				8F38295F2417A29F007C418C /* Base */,
				20CD80E22446F5920051C728 /* sv */,
			);
			name = LaunchScreen.storyboard;
			sourceTree = "<group>";
		};
/* End PBXVariantGroup section */

/* Begin XCBuildConfiguration section */
		8F3829622417A29F007C418C /* Debug */ = {
			isa = XCBuildConfiguration;
			buildSettings = {
				ALWAYS_SEARCH_USER_PATHS = NO;
				CLANG_ANALYZER_NONNULL = YES;
				CLANG_ANALYZER_NUMBER_OBJECT_CONVERSION = YES_AGGRESSIVE;
				CLANG_CXX_LANGUAGE_STANDARD = "gnu++14";
				CLANG_CXX_LIBRARY = "libc++";
				CLANG_ENABLE_MODULES = YES;
				CLANG_ENABLE_OBJC_ARC = YES;
				CLANG_ENABLE_OBJC_WEAK = YES;
				CLANG_WARN_BLOCK_CAPTURE_AUTORELEASING = YES;
				CLANG_WARN_BOOL_CONVERSION = YES;
				CLANG_WARN_COMMA = YES;
				CLANG_WARN_CONSTANT_CONVERSION = YES;
				CLANG_WARN_DEPRECATED_OBJC_IMPLEMENTATIONS = YES;
				CLANG_WARN_DIRECT_OBJC_ISA_USAGE = YES_ERROR;
				CLANG_WARN_DOCUMENTATION_COMMENTS = YES;
				CLANG_WARN_EMPTY_BODY = YES;
				CLANG_WARN_ENUM_CONVERSION = YES;
				CLANG_WARN_INFINITE_RECURSION = YES;
				CLANG_WARN_INT_CONVERSION = YES;
				CLANG_WARN_NON_LITERAL_NULL_CONVERSION = YES;
				CLANG_WARN_OBJC_IMPLICIT_RETAIN_SELF = YES;
				CLANG_WARN_OBJC_LITERAL_CONVERSION = YES;
				CLANG_WARN_OBJC_ROOT_CLASS = YES_ERROR;
				CLANG_WARN_RANGE_LOOP_ANALYSIS = YES;
				CLANG_WARN_STRICT_PROTOTYPES = YES;
				CLANG_WARN_SUSPICIOUS_MOVE = YES;
				CLANG_WARN_UNGUARDED_AVAILABILITY = YES_AGGRESSIVE;
				CLANG_WARN_UNREACHABLE_CODE = YES;
				CLANG_WARN__DUPLICATE_METHOD_MATCH = YES;
				COPY_PHASE_STRIP = NO;
				DEBUG_INFORMATION_FORMAT = dwarf;
				ENABLE_STRICT_OBJC_MSGSEND = YES;
				ENABLE_TESTABILITY = YES;
				GCC_C_LANGUAGE_STANDARD = gnu11;
				GCC_DYNAMIC_NO_PIC = NO;
				GCC_NO_COMMON_BLOCKS = YES;
				GCC_OPTIMIZATION_LEVEL = 0;
				GCC_PREPROCESSOR_DEFINITIONS = (
					"DEBUG=1",
					"$(inherited)",
				);
				GCC_WARN_64_TO_32_BIT_CONVERSION = YES;
				GCC_WARN_ABOUT_RETURN_TYPE = YES_ERROR;
				GCC_WARN_UNDECLARED_SELECTOR = YES;
				GCC_WARN_UNINITIALIZED_AUTOS = YES_AGGRESSIVE;
				GCC_WARN_UNUSED_FUNCTION = YES;
				GCC_WARN_UNUSED_VARIABLE = YES;
				IPHONEOS_DEPLOYMENT_TARGET = 11.0;
				MTL_ENABLE_DEBUG_INFO = INCLUDE_SOURCE;
				MTL_FAST_MATH = YES;
				ONLY_ACTIVE_ARCH = YES;
				SDKROOT = iphoneos;
				SWIFT_ACTIVE_COMPILATION_CONDITIONS = DEBUG;
				SWIFT_OPTIMIZATION_LEVEL = "-Onone";
			};
			name = Debug;
		};
		8F3829632417A29F007C418C /* Release */ = {
			isa = XCBuildConfiguration;
			buildSettings = {
				ALWAYS_SEARCH_USER_PATHS = NO;
				CLANG_ANALYZER_NONNULL = YES;
				CLANG_ANALYZER_NUMBER_OBJECT_CONVERSION = YES_AGGRESSIVE;
				CLANG_CXX_LANGUAGE_STANDARD = "gnu++14";
				CLANG_CXX_LIBRARY = "libc++";
				CLANG_ENABLE_MODULES = YES;
				CLANG_ENABLE_OBJC_ARC = YES;
				CLANG_ENABLE_OBJC_WEAK = YES;
				CLANG_WARN_BLOCK_CAPTURE_AUTORELEASING = YES;
				CLANG_WARN_BOOL_CONVERSION = YES;
				CLANG_WARN_COMMA = YES;
				CLANG_WARN_CONSTANT_CONVERSION = YES;
				CLANG_WARN_DEPRECATED_OBJC_IMPLEMENTATIONS = YES;
				CLANG_WARN_DIRECT_OBJC_ISA_USAGE = YES_ERROR;
				CLANG_WARN_DOCUMENTATION_COMMENTS = YES;
				CLANG_WARN_EMPTY_BODY = YES;
				CLANG_WARN_ENUM_CONVERSION = YES;
				CLANG_WARN_INFINITE_RECURSION = YES;
				CLANG_WARN_INT_CONVERSION = YES;
				CLANG_WARN_NON_LITERAL_NULL_CONVERSION = YES;
				CLANG_WARN_OBJC_IMPLICIT_RETAIN_SELF = YES;
				CLANG_WARN_OBJC_LITERAL_CONVERSION = YES;
				CLANG_WARN_OBJC_ROOT_CLASS = YES_ERROR;
				CLANG_WARN_RANGE_LOOP_ANALYSIS = YES;
				CLANG_WARN_STRICT_PROTOTYPES = YES;
				CLANG_WARN_SUSPICIOUS_MOVE = YES;
				CLANG_WARN_UNGUARDED_AVAILABILITY = YES_AGGRESSIVE;
				CLANG_WARN_UNREACHABLE_CODE = YES;
				CLANG_WARN__DUPLICATE_METHOD_MATCH = YES;
				COPY_PHASE_STRIP = NO;
				DEBUG_INFORMATION_FORMAT = "dwarf-with-dsym";
				ENABLE_NS_ASSERTIONS = NO;
				ENABLE_STRICT_OBJC_MSGSEND = YES;
				GCC_C_LANGUAGE_STANDARD = gnu11;
				GCC_NO_COMMON_BLOCKS = YES;
				GCC_WARN_64_TO_32_BIT_CONVERSION = YES;
				GCC_WARN_ABOUT_RETURN_TYPE = YES_ERROR;
				GCC_WARN_UNDECLARED_SELECTOR = YES;
				GCC_WARN_UNINITIALIZED_AUTOS = YES_AGGRESSIVE;
				GCC_WARN_UNUSED_FUNCTION = YES;
				GCC_WARN_UNUSED_VARIABLE = YES;
				IPHONEOS_DEPLOYMENT_TARGET = 11.0;
				MTL_ENABLE_DEBUG_INFO = NO;
				MTL_FAST_MATH = YES;
				SDKROOT = iphoneos;
				SWIFT_COMPILATION_MODE = wholemodule;
				SWIFT_OPTIMIZATION_LEVEL = "-O";
				VALIDATE_PRODUCT = YES;
			};
			name = Release;
		};
		8F3829652417A29F007C418C /* Debug */ = {
			isa = XCBuildConfiguration;
			baseConfigurationReference = A8AC9FEB4154B7BE1719DD91 /* Pods-TinkLinkTester.debug.xcconfig */;
			buildSettings = {
				ASSETCATALOG_COMPILER_APPICON_NAME = AppIcon;
				CODE_SIGN_IDENTITY = "Apple Development";
				CODE_SIGN_STYLE = Manual;
				DEVELOPMENT_TEAM = "";
				INFOPLIST_FILE = TinkLinkTester/Info.plist;
				LD_RUNPATH_SEARCH_PATHS = (
					"$(inherited)",
					"@executable_path/Frameworks",
				);
				PRODUCT_BUNDLE_IDENTIFIER = com.tink.TinkLinkTester;
				PRODUCT_NAME = "$(TARGET_NAME)";
				PROVISIONING_PROFILE_SPECIFIER = "";
				SWIFT_VERSION = 5.0;
				TARGETED_DEVICE_FAMILY = "1,2";
			};
			name = Debug;
		};
		8F3829662417A29F007C418C /* Release */ = {
			isa = XCBuildConfiguration;
			baseConfigurationReference = 575B0CE02822E1C4A76C77E8 /* Pods-TinkLinkTester.release.xcconfig */;
			buildSettings = {
				ASSETCATALOG_COMPILER_APPICON_NAME = AppIcon;
				CODE_SIGN_IDENTITY = "Apple Development";
				CODE_SIGN_STYLE = Manual;
				DEVELOPMENT_TEAM = "";
				INFOPLIST_FILE = TinkLinkTester/Info.plist;
				LD_RUNPATH_SEARCH_PATHS = (
					"$(inherited)",
					"@executable_path/Frameworks",
				);
				PRODUCT_BUNDLE_IDENTIFIER = com.tink.TinkLinkTester;
				PRODUCT_NAME = "$(TARGET_NAME)";
				PROVISIONING_PROFILE_SPECIFIER = "";
				SWIFT_VERSION = 5.0;
				TARGETED_DEVICE_FAMILY = "1,2";
			};
			name = Release;
		};
/* End XCBuildConfiguration section */

/* Begin XCConfigurationList section */
		8F38294B2417A29D007C418C /* Build configuration list for PBXProject "TinkLink" */ = {
			isa = XCConfigurationList;
			buildConfigurations = (
				8F3829622417A29F007C418C /* Debug */,
				8F3829632417A29F007C418C /* Release */,
			);
			defaultConfigurationIsVisible = 0;
			defaultConfigurationName = Release;
		};
		8F3829642417A29F007C418C /* Build configuration list for PBXNativeTarget "TinkLinkTester" */ = {
			isa = XCConfigurationList;
			buildConfigurations = (
				8F3829652417A29F007C418C /* Debug */,
				8F3829662417A29F007C418C /* Release */,
			);
			defaultConfigurationIsVisible = 0;
			defaultConfigurationName = Release;
		};
/* End XCConfigurationList section */
	};
	rootObject = 8F3829482417A29D007C418C /* Project object */;
}
