PODS:
  - Down (0.9.2)
  - Kingfisher (5.13.3):
    - Kingfisher/Core (= 5.13.3)
  - Kingfisher/Core (5.13.3)
  - TinkLink (0.14.1)
  - TinkLink/TinkLinkTests (0.14.1)
  - TinkLinkUI (0.14.1):
    - Down (~> 0.9)
    - Kingfisher (~> 5.13)
    - TinkLink (= 0.14.1)
  - TinkLinkUI/TinkLinkUITests (0.14.1):
    - Down (~> 0.9)
    - Kingfisher (~> 5.13)
    - TinkLink (= 0.14.1)

DEPENDENCIES:
  - TinkLink (from `../`)
  - TinkLink/TinkLinkTests (from `../`)
  - TinkLinkUI (from `../`)
  - TinkLinkUI/TinkLinkUITests (from `../`)

SPEC REPOS:
  trunk:
    - Down
    - Kingfisher

EXTERNAL SOURCES:
  TinkLink:
    :path: "../"
  TinkLinkUI:
    :path: "../"

SPEC CHECKSUMS:
  Down: 1f6a14846dff45ae8e7e4334b4e386a5fd3b2412
  Kingfisher: d2b3d6a7200c93b34de9afcdf25c8dd9282ec277
  TinkLink: 84c221ec5ce3e18ebcf27dc1734b2f792497693c
  TinkLinkUI: be4f75743c2cacaa6e4cc15037a6d55218fde373

PODFILE CHECKSUM: 0b666d4fa3c6aaee0840d9d910495d497c876a7f

COCOAPODS: 1.9.1
