// !$*UTF8*$!
{
	archiveVersion = 1;
	classes = {
	};
	objectVersion = 46;
	objects = {

/* Begin PBXAggregateTarget section */
		"TinkLink::TinkLinkPackageTests::ProductTarget" /* TinkLinkPackageTests */ = {
			isa = PBXAggregateTarget;
			buildConfigurationList = OBJ_320 /* Build configuration list for PBXAggregateTarget "TinkLinkPackageTests" */;
			buildPhases = (
			);
			dependencies = (
				OBJ_323 /* PBXTargetDependency */,
			);
			name = TinkLinkPackageTests;
			productName = TinkLinkPackageTests;
		};
/* End PBXAggregateTarget section */

/* Begin PBXBuildFile section */
		OBJ_196 /* ApplicationObserver.swift in Sources */ = {isa = PBXBuildFile; fileRef = OBJ_10 /* ApplicationObserver.swift */; };
		OBJ_197 /* Configuration.swift in Sources */ = {isa = PBXBuildFile; fileRef = OBJ_11 /* Configuration.swift */; };
		OBJ_198 /* AuthorizationContext.swift in Sources */ = {isa = PBXBuildFile; fileRef = OBJ_13 /* AuthorizationContext.swift */; };
		OBJ_199 /* ConsentContext.swift in Sources */ = {isa = PBXBuildFile; fileRef = OBJ_14 /* ConsentContext.swift */; };
		OBJ_200 /* CredentialsContext.swift in Sources */ = {isa = PBXBuildFile; fileRef = OBJ_15 /* CredentialsContext.swift */; };
		OBJ_201 /* ProviderContext.swift in Sources */ = {isa = PBXBuildFile; fileRef = OBJ_16 /* ProviderContext.swift */; };
		OBJ_202 /* TransferContext.swift in Sources */ = {isa = PBXBuildFile; fileRef = OBJ_17 /* TransferContext.swift */; };
		OBJ_203 /* Environment.swift in Sources */ = {isa = PBXBuildFile; fileRef = OBJ_18 /* Environment.swift */; };
		OBJ_204 /* Credentials+Extension.swift in Sources */ = {isa = PBXBuildFile; fileRef = OBJ_20 /* Credentials+Extension.swift */; };
		OBJ_205 /* Locale+Extensions.swift in Sources */ = {isa = PBXBuildFile; fileRef = OBJ_21 /* Locale+Extensions.swift */; };
		OBJ_206 /* ProcessInfo+TinkEnvironmentVariables.swift in Sources */ = {isa = PBXBuildFile; fileRef = OBJ_22 /* ProcessInfo+TinkEnvironmentVariables.swift */; };
		OBJ_207 /* Result+Extensions.swift in Sources */ = {isa = PBXBuildFile; fileRef = OBJ_23 /* Result+Extensions.swift */; };
		OBJ_208 /* SecCertificate+Swift.swift in Sources */ = {isa = PBXBuildFile; fileRef = OBJ_24 /* SecCertificate+Swift.swift */; };
		OBJ_209 /* SecTrust+Swift.swift in Sources */ = {isa = PBXBuildFile; fileRef = OBJ_25 /* SecTrust+Swift.swift */; };
		OBJ_210 /* URLComponents+FragmentParameters.swift in Sources */ = {isa = PBXBuildFile; fileRef = OBJ_26 /* URLComponents+FragmentParameters.swift */; };
		OBJ_211 /* AccessToken.swift in Sources */ = {isa = PBXBuildFile; fileRef = OBJ_28 /* AccessToken.swift */; };
		OBJ_212 /* AuthenticateResponse.swift in Sources */ = {isa = PBXBuildFile; fileRef = OBJ_29 /* AuthenticateResponse.swift */; };
		OBJ_213 /* AuthorizationCode.swift in Sources */ = {isa = PBXBuildFile; fileRef = OBJ_30 /* AuthorizationCode.swift */; };
		OBJ_214 /* AuthorizationResponse.swift in Sources */ = {isa = PBXBuildFile; fileRef = OBJ_31 /* AuthorizationResponse.swift */; };
		OBJ_215 /* ClientDescription.swift in Sources */ = {isa = PBXBuildFile; fileRef = OBJ_32 /* ClientDescription.swift */; };
		OBJ_216 /* Credentials.swift in Sources */ = {isa = PBXBuildFile; fileRef = OBJ_33 /* Credentials.swift */; };
		OBJ_217 /* FinancialInstitution.swift in Sources */ = {isa = PBXBuildFile; fileRef = OBJ_34 /* FinancialInstitution.swift */; };
		OBJ_218 /* Form.swift in Sources */ = {isa = PBXBuildFile; fileRef = OBJ_35 /* Form.swift */; };
		OBJ_219 /* Account+REST.swift in Sources */ = {isa = PBXBuildFile; fileRef = OBJ_37 /* Account+REST.swift */; };
		OBJ_220 /* AccountDetails+REST.swift in Sources */ = {isa = PBXBuildFile; fileRef = OBJ_38 /* AccountDetails+REST.swift */; };
		OBJ_221 /* Beneficiary+REST.swift in Sources */ = {isa = PBXBuildFile; fileRef = OBJ_39 /* Beneficiary+REST.swift */; };
		OBJ_222 /* ClientDescription+REST.swift in Sources */ = {isa = PBXBuildFile; fileRef = OBJ_40 /* ClientDescription+REST.swift */; };
		OBJ_223 /* Credentials+REST.swift in Sources */ = {isa = PBXBuildFile; fileRef = OBJ_41 /* Credentials+REST.swift */; };
		OBJ_224 /* CurrencyDenominatedAmount+REST.swift in Sources */ = {isa = PBXBuildFile; fileRef = OBJ_42 /* CurrencyDenominatedAmount+REST.swift */; };
		OBJ_225 /* Provider+REST.swift in Sources */ = {isa = PBXBuildFile; fileRef = OBJ_43 /* Provider+REST.swift */; };
		OBJ_226 /* SignableOperation+REST.swift in Sources */ = {isa = PBXBuildFile; fileRef = OBJ_44 /* SignableOperation+REST.swift */; };
		OBJ_227 /* TransferDestination+REST.swift in Sources */ = {isa = PBXBuildFile; fileRef = OBJ_45 /* TransferDestination+REST.swift */; };
		OBJ_228 /* UserProfile+REST.swift in Sources */ = {isa = PBXBuildFile; fileRef = OBJ_46 /* UserProfile+REST.swift */; };
		OBJ_229 /* Market.swift in Sources */ = {isa = PBXBuildFile; fileRef = OBJ_47 /* Market.swift */; };
		OBJ_230 /* Account+URI.swift in Sources */ = {isa = PBXBuildFile; fileRef = OBJ_49 /* Account+URI.swift */; };
		OBJ_231 /* Account.swift in Sources */ = {isa = PBXBuildFile; fileRef = OBJ_50 /* Account.swift */; };
		OBJ_232 /* AccountDetail.swift in Sources */ = {isa = PBXBuildFile; fileRef = OBJ_51 /* AccountDetail.swift */; };
		OBJ_233 /* Beneficiary+URI.swift in Sources */ = {isa = PBXBuildFile; fileRef = OBJ_52 /* Beneficiary+URI.swift */; };
		OBJ_234 /* Beneficiary.swift in Sources */ = {isa = PBXBuildFile; fileRef = OBJ_53 /* Beneficiary.swift */; };
		OBJ_235 /* CurrencyCode.swift in Sources */ = {isa = PBXBuildFile; fileRef = OBJ_54 /* CurrencyCode.swift */; };
		OBJ_236 /* CurrencyDenominatedAmount.swift in Sources */ = {isa = PBXBuildFile; fileRef = OBJ_55 /* CurrencyDenominatedAmount.swift */; };
		OBJ_237 /* SignableOperation.swift in Sources */ = {isa = PBXBuildFile; fileRef = OBJ_56 /* SignableOperation.swift */; };
		OBJ_238 /* Transfer.swift in Sources */ = {isa = PBXBuildFile; fileRef = OBJ_57 /* Transfer.swift */; };
		OBJ_239 /* TransferDestination.swift in Sources */ = {isa = PBXBuildFile; fileRef = OBJ_58 /* TransferDestination.swift */; };
		OBJ_240 /* TransferMessage.swift in Sources */ = {isa = PBXBuildFile; fileRef = OBJ_59 /* TransferMessage.swift */; };
		OBJ_241 /* Provider.swift in Sources */ = {isa = PBXBuildFile; fileRef = OBJ_60 /* Provider.swift */; };
		OBJ_242 /* ProviderTree.swift in Sources */ = {isa = PBXBuildFile; fileRef = OBJ_61 /* ProviderTree.swift */; };
		OBJ_243 /* RefreshableItem.swift in Sources */ = {isa = PBXBuildFile; fileRef = OBJ_62 /* RefreshableItem.swift */; };
		OBJ_244 /* Scope.swift in Sources */ = {isa = PBXBuildFile; fileRef = OBJ_63 /* Scope.swift */; };
		OBJ_245 /* ScopeDescription.swift in Sources */ = {isa = PBXBuildFile; fileRef = OBJ_64 /* ScopeDescription.swift */; };
		OBJ_246 /* User.swift in Sources */ = {isa = PBXBuildFile; fileRef = OBJ_65 /* User.swift */; };
		OBJ_247 /* UserProfile.swift in Sources */ = {isa = PBXBuildFile; fileRef = OBJ_66 /* UserProfile.swift */; };
		OBJ_248 /* CertificatePinningDelegate.swift in Sources */ = {isa = PBXBuildFile; fileRef = OBJ_68 /* CertificatePinningDelegate.swift */; };
		OBJ_249 /* AnyCanceller.swift in Sources */ = {isa = PBXBuildFile; fileRef = OBJ_70 /* AnyCanceller.swift */; };
		OBJ_250 /* AuthorizationHeaderClientBehavior.swift in Sources */ = {isa = PBXBuildFile; fileRef = OBJ_72 /* AuthorizationHeaderClientBehavior.swift */; };
		OBJ_251 /* ClientBehavior.swift in Sources */ = {isa = PBXBuildFile; fileRef = OBJ_73 /* ClientBehavior.swift */; };
		OBJ_252 /* ComposableClientBehavior.swift in Sources */ = {isa = PBXBuildFile; fileRef = OBJ_74 /* ComposableClientBehavior.swift */; };
		OBJ_253 /* DeviceIdHeaderClientBehavior.swift in Sources */ = {isa = PBXBuildFile; fileRef = OBJ_75 /* DeviceIdHeaderClientBehavior.swift */; };
		OBJ_254 /* EmptyClientBehavior.swift in Sources */ = {isa = PBXBuildFile; fileRef = OBJ_76 /* EmptyClientBehavior.swift */; };
		OBJ_255 /* RequestErrorClientBehavior.swift in Sources */ = {isa = PBXBuildFile; fileRef = OBJ_77 /* RequestErrorClientBehavior.swift */; };
		OBJ_256 /* SDKHeaderClientBehavior.swift in Sources */ = {isa = PBXBuildFile; fileRef = OBJ_78 /* SDKHeaderClientBehavior.swift */; };
		OBJ_257 /* HTTPStatusCodeError.swift in Sources */ = {isa = PBXBuildFile; fileRef = OBJ_79 /* HTTPStatusCodeError.swift */; };
		OBJ_258 /* RESTClient.swift in Sources */ = {isa = PBXBuildFile; fileRef = OBJ_80 /* RESTClient.swift */; };
		OBJ_259 /* RESTContentType.swift in Sources */ = {isa = PBXBuildFile; fileRef = OBJ_81 /* RESTContentType.swift */; };
		OBJ_260 /* RESTMethod.swift in Sources */ = {isa = PBXBuildFile; fileRef = OBJ_82 /* RESTMethod.swift */; };
		OBJ_261 /* RESTRequest.swift in Sources */ = {isa = PBXBuildFile; fileRef = OBJ_83 /* RESTRequest.swift */; };
		OBJ_262 /* RESTAccount.swift in Sources */ = {isa = PBXBuildFile; fileRef = OBJ_86 /* RESTAccount.swift */; };
		OBJ_263 /* RESTAccountDetails.swift in Sources */ = {isa = PBXBuildFile; fileRef = OBJ_87 /* RESTAccountDetails.swift */; };
		OBJ_264 /* RESTAccountListResponse.swift in Sources */ = {isa = PBXBuildFile; fileRef = OBJ_88 /* RESTAccountListResponse.swift */; };
		OBJ_265 /* RESTBeneficiary.swift in Sources */ = {isa = PBXBuildFile; fileRef = OBJ_89 /* RESTBeneficiary.swift */; };
		OBJ_266 /* RESTBeneficiaryListResponse.swift in Sources */ = {isa = PBXBuildFile; fileRef = OBJ_90 /* RESTBeneficiaryListResponse.swift */; };
		OBJ_267 /* RESTCurrencyDenominatedAmount.swift in Sources */ = {isa = PBXBuildFile; fileRef = OBJ_91 /* RESTCurrencyDenominatedAmount.swift */; };
		OBJ_268 /* RESTSignableOperation.swift in Sources */ = {isa = PBXBuildFile; fileRef = OBJ_92 /* RESTSignableOperation.swift */; };
		OBJ_269 /* RESTTransferDestination.swift in Sources */ = {isa = PBXBuildFile; fileRef = OBJ_93 /* RESTTransferDestination.swift */; };
		OBJ_270 /* RESTTransferRequest.swift in Sources */ = {isa = PBXBuildFile; fileRef = OBJ_94 /* RESTTransferRequest.swift */; };
		OBJ_271 /* RESTAnonymousUserRequest.swift in Sources */ = {isa = PBXBuildFile; fileRef = OBJ_95 /* RESTAnonymousUserRequest.swift */; };
		OBJ_272 /* RESTCallbackRelayedRequest.swift in Sources */ = {isa = PBXBuildFile; fileRef = OBJ_96 /* RESTCallbackRelayedRequest.swift */; };
		OBJ_273 /* RESTCreateCredentialsRequest.swift in Sources */ = {isa = PBXBuildFile; fileRef = OBJ_97 /* RESTCreateCredentialsRequest.swift */; };
		OBJ_274 /* RESTCredentials.swift in Sources */ = {isa = PBXBuildFile; fileRef = OBJ_98 /* RESTCredentials.swift */; };
		OBJ_275 /* RESTDescribeOAuth2ClientRequest.swift in Sources */ = {isa = PBXBuildFile; fileRef = OBJ_99 /* RESTDescribeOAuth2ClientRequest.swift */; };
		OBJ_276 /* RESTError.swift in Sources */ = {isa = PBXBuildFile; fileRef = OBJ_100 /* RESTError.swift */; };
		OBJ_277 /* RESTField.swift in Sources */ = {isa = PBXBuildFile; fileRef = OBJ_101 /* RESTField.swift */; };
		OBJ_278 /* RESTImageUrls.swift in Sources */ = {isa = PBXBuildFile; fileRef = OBJ_102 /* RESTImageUrls.swift */; };
		OBJ_279 /* RESTProvider.swift in Sources */ = {isa = PBXBuildFile; fileRef = OBJ_103 /* RESTProvider.swift */; };
		OBJ_280 /* RESTSupplementalInformation.swift in Sources */ = {isa = PBXBuildFile; fileRef = OBJ_104 /* RESTSupplementalInformation.swift */; };
		OBJ_281 /* RESTThirdPartyAppAuthenticationPayload.swift in Sources */ = {isa = PBXBuildFile; fileRef = OBJ_105 /* RESTThirdPartyAppAuthenticationPayload.swift */; };
		OBJ_282 /* RESTUpdateCredentialsRequest.swift in Sources */ = {isa = PBXBuildFile; fileRef = OBJ_106 /* RESTUpdateCredentialsRequest.swift */; };
		OBJ_283 /* RESTUserProfile.swift in Sources */ = {isa = PBXBuildFile; fileRef = OBJ_107 /* RESTUserProfile.swift */; };
		OBJ_284 /* ScopeDescription+REST.swift in Sources */ = {isa = PBXBuildFile; fileRef = OBJ_108 /* ScopeDescription+REST.swift */; };
		OBJ_285 /* UserSession.swift in Sources */ = {isa = PBXBuildFile; fileRef = OBJ_109 /* UserSession.swift */; };
		OBJ_286 /* RESTTransferService.swift in Sources */ = {isa = PBXBuildFile; fileRef = OBJ_112 /* RESTTransferService.swift */; };
		OBJ_287 /* RESTAuthenticationService.swift in Sources */ = {isa = PBXBuildFile; fileRef = OBJ_113 /* RESTAuthenticationService.swift */; };
		OBJ_288 /* RESTCredentialService.swift in Sources */ = {isa = PBXBuildFile; fileRef = OBJ_114 /* RESTCredentialService.swift */; };
		OBJ_289 /* RESTOAuthService.swift in Sources */ = {isa = PBXBuildFile; fileRef = OBJ_115 /* RESTOAuthService.swift */; };
		OBJ_290 /* RESTProviderService.swift in Sources */ = {isa = PBXBuildFile; fileRef = OBJ_116 /* RESTProviderService.swift */; };
		OBJ_291 /* RESTUserService.swift in Sources */ = {isa = PBXBuildFile; fileRef = OBJ_117 /* RESTUserService.swift */; };
		OBJ_292 /* URLSessionRequestRetryCancellabel.swift in Sources */ = {isa = PBXBuildFile; fileRef = OBJ_118 /* URLSessionRequestRetryCancellabel.swift */; };
		OBJ_293 /* AuthenticationService.swift in Sources */ = {isa = PBXBuildFile; fileRef = OBJ_120 /* AuthenticationService.swift */; };
		OBJ_294 /* Cancellable.swift in Sources */ = {isa = PBXBuildFile; fileRef = OBJ_121 /* Cancellable.swift */; };
		OBJ_295 /* CredentialsService.swift in Sources */ = {isa = PBXBuildFile; fileRef = OBJ_122 /* CredentialsService.swift */; };
		OBJ_296 /* NetworkReachability.swift in Sources */ = {isa = PBXBuildFile; fileRef = OBJ_123 /* NetworkReachability.swift */; };
		OBJ_297 /* OAuthService.swift in Sources */ = {isa = PBXBuildFile; fileRef = OBJ_124 /* OAuthService.swift */; };
		OBJ_298 /* ProviderService.swift in Sources */ = {isa = PBXBuildFile; fileRef = OBJ_125 /* ProviderService.swift */; };
		OBJ_299 /* Retriable.swift in Sources */ = {isa = PBXBuildFile; fileRef = OBJ_126 /* Retriable.swift */; };
		OBJ_300 /* RetryCancellable.swift in Sources */ = {isa = PBXBuildFile; fileRef = OBJ_127 /* RetryCancellable.swift */; };
		OBJ_301 /* ServiceError.swift in Sources */ = {isa = PBXBuildFile; fileRef = OBJ_128 /* ServiceError.swift */; };
		OBJ_302 /* TransferService.swift in Sources */ = {isa = PBXBuildFile; fileRef = OBJ_129 /* TransferService.swift */; };
		OBJ_303 /* UserService.swift in Sources */ = {isa = PBXBuildFile; fileRef = OBJ_130 /* UserService.swift */; };
		OBJ_304 /* AddCredentialsTask.swift in Sources */ = {isa = PBXBuildFile; fileRef = OBJ_132 /* AddCredentialsTask.swift */; };
		OBJ_305 /* CredentialsListStatusPollingTask.swift in Sources */ = {isa = PBXBuildFile; fileRef = OBJ_133 /* CredentialsListStatusPollingTask.swift */; };
		OBJ_306 /* InitiateTransferTask.swift in Sources */ = {isa = PBXBuildFile; fileRef = OBJ_134 /* InitiateTransferTask.swift */; };
		OBJ_307 /* PollingTask.swift in Sources */ = {isa = PBXBuildFile; fileRef = OBJ_135 /* PollingTask.swift */; };
		OBJ_308 /* RefreshCredentialsTask.swift in Sources */ = {isa = PBXBuildFile; fileRef = OBJ_136 /* RefreshCredentialsTask.swift */; };
		OBJ_309 /* SupplementInformationTask.swift in Sources */ = {isa = PBXBuildFile; fileRef = OBJ_137 /* SupplementInformationTask.swift */; };
		OBJ_310 /* ThirdPartyAppAuthenticationTask.swift in Sources */ = {isa = PBXBuildFile; fileRef = OBJ_138 /* ThirdPartyAppAuthenticationTask.swift */; };
		OBJ_311 /* Tink.swift in Sources */ = {isa = PBXBuildFile; fileRef = OBJ_139 /* Tink.swift */; };
		OBJ_329 /* ConfigurationTests.swift in Sources */ = {isa = PBXBuildFile; fileRef = OBJ_143 /* ConfigurationTests.swift */; };
		OBJ_330 /* CredentialRESTTests.swift in Sources */ = {isa = PBXBuildFile; fileRef = OBJ_144 /* CredentialRESTTests.swift */; };
		OBJ_331 /* CredentialsContextTest.swift in Sources */ = {isa = PBXBuildFile; fileRef = OBJ_145 /* CredentialsContextTest.swift */; };
		OBJ_332 /* FormTests.swift in Sources */ = {isa = PBXBuildFile; fileRef = OBJ_146 /* FormTests.swift */; };
		OBJ_333 /* LinkTests.swift in Sources */ = {isa = PBXBuildFile; fileRef = OBJ_147 /* LinkTests.swift */; };
		OBJ_334 /* Account+mock.swift in Sources */ = {isa = PBXBuildFile; fileRef = OBJ_149 /* Account+mock.swift */; };
		OBJ_335 /* Beneficiary+mock.swift in Sources */ = {isa = PBXBuildFile; fileRef = OBJ_150 /* Beneficiary+mock.swift */; };
		OBJ_336 /* Credential+mock.swift in Sources */ = {isa = PBXBuildFile; fileRef = OBJ_151 /* Credential+mock.swift */; };
		OBJ_337 /* Provider+mock.swift in Sources */ = {isa = PBXBuildFile; fileRef = OBJ_152 /* Provider+mock.swift */; };
		OBJ_338 /* ServiceError+mock.swift in Sources */ = {isa = PBXBuildFile; fileRef = OBJ_153 /* ServiceError+mock.swift */; };
		OBJ_339 /* SignableOperation+mock.swift in Sources */ = {isa = PBXBuildFile; fileRef = OBJ_154 /* SignableOperation+mock.swift */; };
		OBJ_340 /* AccountRESTTest.swift in Sources */ = {isa = PBXBuildFile; fileRef = OBJ_156 /* AccountRESTTest.swift */; };
		OBJ_341 /* BeneficiaryRESTTest.swift in Sources */ = {isa = PBXBuildFile; fileRef = OBJ_157 /* BeneficiaryRESTTest.swift */; };
		OBJ_342 /* CurrencyDenominatedAmountTests.swift in Sources */ = {isa = PBXBuildFile; fileRef = OBJ_158 /* CurrencyDenominatedAmountTests.swift */; };
		OBJ_343 /* TransferContextTest.swift in Sources */ = {isa = PBXBuildFile; fileRef = OBJ_159 /* TransferContextTest.swift */; };
		OBJ_344 /* TransferRESTTest.swift in Sources */ = {isa = PBXBuildFile; fileRef = OBJ_160 /* TransferRESTTest.swift */; };
		OBJ_345 /* ProviderRESTTests.swift in Sources */ = {isa = PBXBuildFile; fileRef = OBJ_161 /* ProviderRESTTests.swift */; };
		OBJ_346 /* ProviderTreeTests.swift in Sources */ = {isa = PBXBuildFile; fileRef = OBJ_162 /* ProviderTreeTests.swift */; };
		OBJ_347 /* CredentialService+mock.swift in Sources */ = {isa = PBXBuildFile; fileRef = OBJ_164 /* CredentialService+mock.swift */; };
		OBJ_348 /* OAuthService+mock.swift in Sources */ = {isa = PBXBuildFile; fileRef = OBJ_165 /* OAuthService+mock.swift */; };
		OBJ_349 /* ProviderService+mock.swift in Sources */ = {isa = PBXBuildFile; fileRef = OBJ_166 /* ProviderService+mock.swift */; };
		OBJ_350 /* RetryCancellable+mock.swift in Sources */ = {isa = PBXBuildFile; fileRef = OBJ_167 /* RetryCancellable+mock.swift */; };
		OBJ_351 /* UserService+mock.swift in Sources */ = {isa = PBXBuildFile; fileRef = OBJ_168 /* UserService+mock.swift */; };
		OBJ_352 /* CredentialsService+paymentMock.swift in Sources */ = {isa = PBXBuildFile; fileRef = OBJ_170 /* CredentialsService+paymentMock.swift */; };
		OBJ_353 /* TransferService+mock.swift in Sources */ = {isa = PBXBuildFile; fileRef = OBJ_171 /* TransferService+mock.swift */; };
		OBJ_354 /* SupplementalInfoFieldTests.swift in Sources */ = {isa = PBXBuildFile; fileRef = OBJ_172 /* SupplementalInfoFieldTests.swift */; };
		OBJ_355 /* ThirdPartyCallbackTests.swift in Sources */ = {isa = PBXBuildFile; fileRef = OBJ_173 /* ThirdPartyCallbackTests.swift */; };
		OBJ_357 /* TinkLink.framework in Frameworks */ = {isa = PBXBuildFile; fileRef = "TinkLink::TinkLink::Product" /* TinkLink.framework */; };
/* End PBXBuildFile section */

/* Begin PBXContainerItemProxy section */
		20A257862481350E0030957F /* PBXContainerItemProxy */ = {
			isa = PBXContainerItemProxy;
			containerPortal = OBJ_1 /* Project object */;
			proxyType = 1;
			remoteGlobalIDString = "TinkLink::TinkLink";
			remoteInfo = TinkLink;
		};
		20A25787248135110030957F /* PBXContainerItemProxy */ = {
			isa = PBXContainerItemProxy;
			containerPortal = OBJ_1 /* Project object */;
			proxyType = 1;
			remoteGlobalIDString = "TinkLink::TinkLinkTests";
			remoteInfo = TinkLinkTests;
		};
/* End PBXContainerItemProxy section */

/* Begin PBXFileReference section */
		OBJ_10 /* ApplicationObserver.swift */ = {isa = PBXFileReference; lastKnownFileType = sourcecode.swift; path = ApplicationObserver.swift; sourceTree = "<group>"; };
		OBJ_100 /* RESTError.swift */ = {isa = PBXFileReference; lastKnownFileType = sourcecode.swift; path = RESTError.swift; sourceTree = "<group>"; };
		OBJ_101 /* RESTField.swift */ = {isa = PBXFileReference; lastKnownFileType = sourcecode.swift; path = RESTField.swift; sourceTree = "<group>"; };
		OBJ_102 /* RESTImageUrls.swift */ = {isa = PBXFileReference; lastKnownFileType = sourcecode.swift; path = RESTImageUrls.swift; sourceTree = "<group>"; };
		OBJ_103 /* RESTProvider.swift */ = {isa = PBXFileReference; lastKnownFileType = sourcecode.swift; path = RESTProvider.swift; sourceTree = "<group>"; };
		OBJ_104 /* RESTSupplementalInformation.swift */ = {isa = PBXFileReference; lastKnownFileType = sourcecode.swift; path = RESTSupplementalInformation.swift; sourceTree = "<group>"; };
		OBJ_105 /* RESTThirdPartyAppAuthenticationPayload.swift */ = {isa = PBXFileReference; lastKnownFileType = sourcecode.swift; path = RESTThirdPartyAppAuthenticationPayload.swift; sourceTree = "<group>"; };
		OBJ_106 /* RESTUpdateCredentialsRequest.swift */ = {isa = PBXFileReference; lastKnownFileType = sourcecode.swift; path = RESTUpdateCredentialsRequest.swift; sourceTree = "<group>"; };
		OBJ_107 /* RESTUserProfile.swift */ = {isa = PBXFileReference; lastKnownFileType = sourcecode.swift; path = RESTUserProfile.swift; sourceTree = "<group>"; };
		OBJ_108 /* ScopeDescription+REST.swift */ = {isa = PBXFileReference; lastKnownFileType = sourcecode.swift; path = "ScopeDescription+REST.swift"; sourceTree = "<group>"; };
		OBJ_109 /* UserSession.swift */ = {isa = PBXFileReference; lastKnownFileType = sourcecode.swift; path = UserSession.swift; sourceTree = "<group>"; };
		OBJ_11 /* Configuration.swift */ = {isa = PBXFileReference; lastKnownFileType = sourcecode.swift; path = Configuration.swift; sourceTree = "<group>"; };
		OBJ_112 /* RESTTransferService.swift */ = {isa = PBXFileReference; lastKnownFileType = sourcecode.swift; path = RESTTransferService.swift; sourceTree = "<group>"; };
		OBJ_113 /* RESTAuthenticationService.swift */ = {isa = PBXFileReference; lastKnownFileType = sourcecode.swift; path = RESTAuthenticationService.swift; sourceTree = "<group>"; };
		OBJ_114 /* RESTCredentialService.swift */ = {isa = PBXFileReference; lastKnownFileType = sourcecode.swift; path = RESTCredentialService.swift; sourceTree = "<group>"; };
		OBJ_115 /* RESTOAuthService.swift */ = {isa = PBXFileReference; lastKnownFileType = sourcecode.swift; path = RESTOAuthService.swift; sourceTree = "<group>"; };
		OBJ_116 /* RESTProviderService.swift */ = {isa = PBXFileReference; lastKnownFileType = sourcecode.swift; path = RESTProviderService.swift; sourceTree = "<group>"; };
		OBJ_117 /* RESTUserService.swift */ = {isa = PBXFileReference; lastKnownFileType = sourcecode.swift; path = RESTUserService.swift; sourceTree = "<group>"; };
		OBJ_118 /* URLSessionRequestRetryCancellabel.swift */ = {isa = PBXFileReference; lastKnownFileType = sourcecode.swift; path = URLSessionRequestRetryCancellabel.swift; sourceTree = "<group>"; };
		OBJ_120 /* AuthenticationService.swift */ = {isa = PBXFileReference; lastKnownFileType = sourcecode.swift; path = AuthenticationService.swift; sourceTree = "<group>"; };
		OBJ_121 /* Cancellable.swift */ = {isa = PBXFileReference; lastKnownFileType = sourcecode.swift; path = Cancellable.swift; sourceTree = "<group>"; };
		OBJ_122 /* CredentialsService.swift */ = {isa = PBXFileReference; lastKnownFileType = sourcecode.swift; path = CredentialsService.swift; sourceTree = "<group>"; };
		OBJ_123 /* NetworkReachability.swift */ = {isa = PBXFileReference; lastKnownFileType = sourcecode.swift; path = NetworkReachability.swift; sourceTree = "<group>"; };
		OBJ_124 /* OAuthService.swift */ = {isa = PBXFileReference; lastKnownFileType = sourcecode.swift; path = OAuthService.swift; sourceTree = "<group>"; };
		OBJ_125 /* ProviderService.swift */ = {isa = PBXFileReference; lastKnownFileType = sourcecode.swift; path = ProviderService.swift; sourceTree = "<group>"; };
		OBJ_126 /* Retriable.swift */ = {isa = PBXFileReference; lastKnownFileType = sourcecode.swift; path = Retriable.swift; sourceTree = "<group>"; };
		OBJ_127 /* RetryCancellable.swift */ = {isa = PBXFileReference; lastKnownFileType = sourcecode.swift; path = RetryCancellable.swift; sourceTree = "<group>"; };
		OBJ_128 /* ServiceError.swift */ = {isa = PBXFileReference; lastKnownFileType = sourcecode.swift; path = ServiceError.swift; sourceTree = "<group>"; };
		OBJ_129 /* TransferService.swift */ = {isa = PBXFileReference; lastKnownFileType = sourcecode.swift; path = TransferService.swift; sourceTree = "<group>"; };
		OBJ_13 /* AuthorizationContext.swift */ = {isa = PBXFileReference; lastKnownFileType = sourcecode.swift; path = AuthorizationContext.swift; sourceTree = "<group>"; };
		OBJ_130 /* UserService.swift */ = {isa = PBXFileReference; lastKnownFileType = sourcecode.swift; path = UserService.swift; sourceTree = "<group>"; };
		OBJ_132 /* AddCredentialsTask.swift */ = {isa = PBXFileReference; lastKnownFileType = sourcecode.swift; path = AddCredentialsTask.swift; sourceTree = "<group>"; };
		OBJ_133 /* CredentialsListStatusPollingTask.swift */ = {isa = PBXFileReference; lastKnownFileType = sourcecode.swift; path = CredentialsListStatusPollingTask.swift; sourceTree = "<group>"; };
		OBJ_134 /* InitiateTransferTask.swift */ = {isa = PBXFileReference; lastKnownFileType = sourcecode.swift; path = InitiateTransferTask.swift; sourceTree = "<group>"; };
		OBJ_135 /* PollingTask.swift */ = {isa = PBXFileReference; lastKnownFileType = sourcecode.swift; path = PollingTask.swift; sourceTree = "<group>"; };
		OBJ_136 /* RefreshCredentialsTask.swift */ = {isa = PBXFileReference; lastKnownFileType = sourcecode.swift; path = RefreshCredentialsTask.swift; sourceTree = "<group>"; };
		OBJ_137 /* SupplementInformationTask.swift */ = {isa = PBXFileReference; lastKnownFileType = sourcecode.swift; path = SupplementInformationTask.swift; sourceTree = "<group>"; };
		OBJ_138 /* ThirdPartyAppAuthenticationTask.swift */ = {isa = PBXFileReference; lastKnownFileType = sourcecode.swift; path = ThirdPartyAppAuthenticationTask.swift; sourceTree = "<group>"; };
		OBJ_139 /* Tink.swift */ = {isa = PBXFileReference; lastKnownFileType = sourcecode.swift; path = Tink.swift; sourceTree = "<group>"; };
		OBJ_14 /* ConsentContext.swift */ = {isa = PBXFileReference; lastKnownFileType = sourcecode.swift; path = ConsentContext.swift; sourceTree = "<group>"; };
		OBJ_142 /* Info.plist */ = {isa = PBXFileReference; lastKnownFileType = text.plist.xml; path = Info.plist; sourceTree = "<group>"; };
		OBJ_143 /* ConfigurationTests.swift */ = {isa = PBXFileReference; lastKnownFileType = sourcecode.swift; path = ConfigurationTests.swift; sourceTree = "<group>"; };
		OBJ_144 /* CredentialRESTTests.swift */ = {isa = PBXFileReference; lastKnownFileType = sourcecode.swift; path = CredentialRESTTests.swift; sourceTree = "<group>"; };
		OBJ_145 /* CredentialsContextTest.swift */ = {isa = PBXFileReference; lastKnownFileType = sourcecode.swift; path = CredentialsContextTest.swift; sourceTree = "<group>"; };
		OBJ_146 /* FormTests.swift */ = {isa = PBXFileReference; lastKnownFileType = sourcecode.swift; path = FormTests.swift; sourceTree = "<group>"; };
		OBJ_147 /* LinkTests.swift */ = {isa = PBXFileReference; lastKnownFileType = sourcecode.swift; path = LinkTests.swift; sourceTree = "<group>"; };
		OBJ_149 /* Account+mock.swift */ = {isa = PBXFileReference; lastKnownFileType = sourcecode.swift; path = "Account+mock.swift"; sourceTree = "<group>"; };
		OBJ_15 /* CredentialsContext.swift */ = {isa = PBXFileReference; lastKnownFileType = sourcecode.swift; path = CredentialsContext.swift; sourceTree = "<group>"; };
		OBJ_150 /* Beneficiary+mock.swift */ = {isa = PBXFileReference; lastKnownFileType = sourcecode.swift; path = "Beneficiary+mock.swift"; sourceTree = "<group>"; };
		OBJ_151 /* Credential+mock.swift */ = {isa = PBXFileReference; lastKnownFileType = sourcecode.swift; path = "Credential+mock.swift"; sourceTree = "<group>"; };
		OBJ_152 /* Provider+mock.swift */ = {isa = PBXFileReference; lastKnownFileType = sourcecode.swift; path = "Provider+mock.swift"; sourceTree = "<group>"; };
		OBJ_153 /* ServiceError+mock.swift */ = {isa = PBXFileReference; lastKnownFileType = sourcecode.swift; path = "ServiceError+mock.swift"; sourceTree = "<group>"; };
		OBJ_154 /* SignableOperation+mock.swift */ = {isa = PBXFileReference; lastKnownFileType = sourcecode.swift; path = "SignableOperation+mock.swift"; sourceTree = "<group>"; };
		OBJ_156 /* AccountRESTTest.swift */ = {isa = PBXFileReference; lastKnownFileType = sourcecode.swift; path = AccountRESTTest.swift; sourceTree = "<group>"; };
		OBJ_157 /* BeneficiaryRESTTest.swift */ = {isa = PBXFileReference; lastKnownFileType = sourcecode.swift; path = BeneficiaryRESTTest.swift; sourceTree = "<group>"; };
		OBJ_158 /* CurrencyDenominatedAmountTests.swift */ = {isa = PBXFileReference; lastKnownFileType = sourcecode.swift; path = CurrencyDenominatedAmountTests.swift; sourceTree = "<group>"; };
		OBJ_159 /* TransferContextTest.swift */ = {isa = PBXFileReference; lastKnownFileType = sourcecode.swift; path = TransferContextTest.swift; sourceTree = "<group>"; };
		OBJ_16 /* ProviderContext.swift */ = {isa = PBXFileReference; lastKnownFileType = sourcecode.swift; path = ProviderContext.swift; sourceTree = "<group>"; };
		OBJ_160 /* TransferRESTTest.swift */ = {isa = PBXFileReference; lastKnownFileType = sourcecode.swift; path = TransferRESTTest.swift; sourceTree = "<group>"; };
		OBJ_161 /* ProviderRESTTests.swift */ = {isa = PBXFileReference; lastKnownFileType = sourcecode.swift; path = ProviderRESTTests.swift; sourceTree = "<group>"; };
		OBJ_162 /* ProviderTreeTests.swift */ = {isa = PBXFileReference; lastKnownFileType = sourcecode.swift; path = ProviderTreeTests.swift; sourceTree = "<group>"; };
		OBJ_164 /* CredentialService+mock.swift */ = {isa = PBXFileReference; lastKnownFileType = sourcecode.swift; path = "CredentialService+mock.swift"; sourceTree = "<group>"; };
		OBJ_165 /* OAuthService+mock.swift */ = {isa = PBXFileReference; lastKnownFileType = sourcecode.swift; path = "OAuthService+mock.swift"; sourceTree = "<group>"; };
		OBJ_166 /* ProviderService+mock.swift */ = {isa = PBXFileReference; lastKnownFileType = sourcecode.swift; path = "ProviderService+mock.swift"; sourceTree = "<group>"; };
		OBJ_167 /* RetryCancellable+mock.swift */ = {isa = PBXFileReference; lastKnownFileType = sourcecode.swift; path = "RetryCancellable+mock.swift"; sourceTree = "<group>"; };
		OBJ_168 /* UserService+mock.swift */ = {isa = PBXFileReference; lastKnownFileType = sourcecode.swift; path = "UserService+mock.swift"; sourceTree = "<group>"; };
		OBJ_17 /* TransferContext.swift */ = {isa = PBXFileReference; lastKnownFileType = sourcecode.swift; path = TransferContext.swift; sourceTree = "<group>"; };
		OBJ_170 /* CredentialsService+paymentMock.swift */ = {isa = PBXFileReference; lastKnownFileType = sourcecode.swift; path = "CredentialsService+paymentMock.swift"; sourceTree = "<group>"; };
		OBJ_171 /* TransferService+mock.swift */ = {isa = PBXFileReference; lastKnownFileType = sourcecode.swift; path = "TransferService+mock.swift"; sourceTree = "<group>"; };
		OBJ_172 /* SupplementalInfoFieldTests.swift */ = {isa = PBXFileReference; lastKnownFileType = sourcecode.swift; path = SupplementalInfoFieldTests.swift; sourceTree = "<group>"; };
		OBJ_173 /* ThirdPartyCallbackTests.swift */ = {isa = PBXFileReference; lastKnownFileType = sourcecode.swift; path = ThirdPartyCallbackTests.swift; sourceTree = "<group>"; };
		OBJ_18 /* Environment.swift */ = {isa = PBXFileReference; lastKnownFileType = sourcecode.swift; path = Environment.swift; sourceTree = "<group>"; };
		OBJ_20 /* Credentials+Extension.swift */ = {isa = PBXFileReference; lastKnownFileType = sourcecode.swift; path = "Credentials+Extension.swift"; sourceTree = "<group>"; };
		OBJ_21 /* Locale+Extensions.swift */ = {isa = PBXFileReference; lastKnownFileType = sourcecode.swift; path = "Locale+Extensions.swift"; sourceTree = "<group>"; };
		OBJ_22 /* ProcessInfo+TinkEnvironmentVariables.swift */ = {isa = PBXFileReference; lastKnownFileType = sourcecode.swift; path = "ProcessInfo+TinkEnvironmentVariables.swift"; sourceTree = "<group>"; };
		OBJ_23 /* Result+Extensions.swift */ = {isa = PBXFileReference; lastKnownFileType = sourcecode.swift; path = "Result+Extensions.swift"; sourceTree = "<group>"; };
		OBJ_24 /* SecCertificate+Swift.swift */ = {isa = PBXFileReference; lastKnownFileType = sourcecode.swift; path = "SecCertificate+Swift.swift"; sourceTree = "<group>"; };
		OBJ_25 /* SecTrust+Swift.swift */ = {isa = PBXFileReference; lastKnownFileType = sourcecode.swift; path = "SecTrust+Swift.swift"; sourceTree = "<group>"; };
		OBJ_26 /* URLComponents+FragmentParameters.swift */ = {isa = PBXFileReference; lastKnownFileType = sourcecode.swift; path = "URLComponents+FragmentParameters.swift"; sourceTree = "<group>"; };
		OBJ_28 /* AccessToken.swift */ = {isa = PBXFileReference; lastKnownFileType = sourcecode.swift; path = AccessToken.swift; sourceTree = "<group>"; };
		OBJ_29 /* AuthenticateResponse.swift */ = {isa = PBXFileReference; lastKnownFileType = sourcecode.swift; path = AuthenticateResponse.swift; sourceTree = "<group>"; };
		OBJ_30 /* AuthorizationCode.swift */ = {isa = PBXFileReference; lastKnownFileType = sourcecode.swift; path = AuthorizationCode.swift; sourceTree = "<group>"; };
		OBJ_31 /* AuthorizationResponse.swift */ = {isa = PBXFileReference; lastKnownFileType = sourcecode.swift; path = AuthorizationResponse.swift; sourceTree = "<group>"; };
		OBJ_32 /* ClientDescription.swift */ = {isa = PBXFileReference; lastKnownFileType = sourcecode.swift; path = ClientDescription.swift; sourceTree = "<group>"; };
		OBJ_33 /* Credentials.swift */ = {isa = PBXFileReference; lastKnownFileType = sourcecode.swift; path = Credentials.swift; sourceTree = "<group>"; };
		OBJ_34 /* FinancialInstitution.swift */ = {isa = PBXFileReference; lastKnownFileType = sourcecode.swift; path = FinancialInstitution.swift; sourceTree = "<group>"; };
		OBJ_35 /* Form.swift */ = {isa = PBXFileReference; lastKnownFileType = sourcecode.swift; path = Form.swift; sourceTree = "<group>"; };
		OBJ_37 /* Account+REST.swift */ = {isa = PBXFileReference; lastKnownFileType = sourcecode.swift; path = "Account+REST.swift"; sourceTree = "<group>"; };
		OBJ_38 /* AccountDetails+REST.swift */ = {isa = PBXFileReference; lastKnownFileType = sourcecode.swift; path = "AccountDetails+REST.swift"; sourceTree = "<group>"; };
		OBJ_39 /* Beneficiary+REST.swift */ = {isa = PBXFileReference; lastKnownFileType = sourcecode.swift; path = "Beneficiary+REST.swift"; sourceTree = "<group>"; };
		OBJ_40 /* ClientDescription+REST.swift */ = {isa = PBXFileReference; lastKnownFileType = sourcecode.swift; path = "ClientDescription+REST.swift"; sourceTree = "<group>"; };
		OBJ_41 /* Credentials+REST.swift */ = {isa = PBXFileReference; lastKnownFileType = sourcecode.swift; path = "Credentials+REST.swift"; sourceTree = "<group>"; };
		OBJ_42 /* CurrencyDenominatedAmount+REST.swift */ = {isa = PBXFileReference; lastKnownFileType = sourcecode.swift; path = "CurrencyDenominatedAmount+REST.swift"; sourceTree = "<group>"; };
		OBJ_43 /* Provider+REST.swift */ = {isa = PBXFileReference; lastKnownFileType = sourcecode.swift; path = "Provider+REST.swift"; sourceTree = "<group>"; };
		OBJ_44 /* SignableOperation+REST.swift */ = {isa = PBXFileReference; lastKnownFileType = sourcecode.swift; path = "SignableOperation+REST.swift"; sourceTree = "<group>"; };
		OBJ_45 /* TransferDestination+REST.swift */ = {isa = PBXFileReference; lastKnownFileType = sourcecode.swift; path = "TransferDestination+REST.swift"; sourceTree = "<group>"; };
		OBJ_46 /* UserProfile+REST.swift */ = {isa = PBXFileReference; lastKnownFileType = sourcecode.swift; path = "UserProfile+REST.swift"; sourceTree = "<group>"; };
		OBJ_47 /* Market.swift */ = {isa = PBXFileReference; lastKnownFileType = sourcecode.swift; path = Market.swift; sourceTree = "<group>"; };
		OBJ_49 /* Account+URI.swift */ = {isa = PBXFileReference; lastKnownFileType = sourcecode.swift; path = "Account+URI.swift"; sourceTree = "<group>"; };
		OBJ_50 /* Account.swift */ = {isa = PBXFileReference; lastKnownFileType = sourcecode.swift; path = Account.swift; sourceTree = "<group>"; };
		OBJ_51 /* AccountDetail.swift */ = {isa = PBXFileReference; lastKnownFileType = sourcecode.swift; path = AccountDetail.swift; sourceTree = "<group>"; };
		OBJ_52 /* Beneficiary+URI.swift */ = {isa = PBXFileReference; lastKnownFileType = sourcecode.swift; path = "Beneficiary+URI.swift"; sourceTree = "<group>"; };
		OBJ_53 /* Beneficiary.swift */ = {isa = PBXFileReference; lastKnownFileType = sourcecode.swift; path = Beneficiary.swift; sourceTree = "<group>"; };
		OBJ_54 /* CurrencyCode.swift */ = {isa = PBXFileReference; lastKnownFileType = sourcecode.swift; path = CurrencyCode.swift; sourceTree = "<group>"; };
		OBJ_55 /* CurrencyDenominatedAmount.swift */ = {isa = PBXFileReference; lastKnownFileType = sourcecode.swift; path = CurrencyDenominatedAmount.swift; sourceTree = "<group>"; };
		OBJ_56 /* SignableOperation.swift */ = {isa = PBXFileReference; lastKnownFileType = sourcecode.swift; path = SignableOperation.swift; sourceTree = "<group>"; };
		OBJ_57 /* Transfer.swift */ = {isa = PBXFileReference; lastKnownFileType = sourcecode.swift; path = Transfer.swift; sourceTree = "<group>"; };
		OBJ_58 /* TransferDestination.swift */ = {isa = PBXFileReference; lastKnownFileType = sourcecode.swift; path = TransferDestination.swift; sourceTree = "<group>"; };
		OBJ_59 /* TransferMessage.swift */ = {isa = PBXFileReference; lastKnownFileType = sourcecode.swift; path = TransferMessage.swift; sourceTree = "<group>"; };
		OBJ_60 /* Provider.swift */ = {isa = PBXFileReference; lastKnownFileType = sourcecode.swift; path = Provider.swift; sourceTree = "<group>"; };
		OBJ_61 /* ProviderTree.swift */ = {isa = PBXFileReference; lastKnownFileType = sourcecode.swift; path = ProviderTree.swift; sourceTree = "<group>"; };
		OBJ_62 /* RefreshableItem.swift */ = {isa = PBXFileReference; lastKnownFileType = sourcecode.swift; path = RefreshableItem.swift; sourceTree = "<group>"; };
		OBJ_63 /* Scope.swift */ = {isa = PBXFileReference; lastKnownFileType = sourcecode.swift; path = Scope.swift; sourceTree = "<group>"; };
		OBJ_64 /* ScopeDescription.swift */ = {isa = PBXFileReference; lastKnownFileType = sourcecode.swift; path = ScopeDescription.swift; sourceTree = "<group>"; };
		OBJ_65 /* User.swift */ = {isa = PBXFileReference; lastKnownFileType = sourcecode.swift; path = User.swift; sourceTree = "<group>"; };
		OBJ_66 /* UserProfile.swift */ = {isa = PBXFileReference; lastKnownFileType = sourcecode.swift; path = UserProfile.swift; sourceTree = "<group>"; };
		OBJ_68 /* CertificatePinningDelegate.swift */ = {isa = PBXFileReference; lastKnownFileType = sourcecode.swift; path = CertificatePinningDelegate.swift; sourceTree = "<group>"; };
		OBJ_70 /* AnyCanceller.swift */ = {isa = PBXFileReference; lastKnownFileType = sourcecode.swift; path = AnyCanceller.swift; sourceTree = "<group>"; };
		OBJ_72 /* AuthorizationHeaderClientBehavior.swift */ = {isa = PBXFileReference; lastKnownFileType = sourcecode.swift; path = AuthorizationHeaderClientBehavior.swift; sourceTree = "<group>"; };
		OBJ_73 /* ClientBehavior.swift */ = {isa = PBXFileReference; lastKnownFileType = sourcecode.swift; path = ClientBehavior.swift; sourceTree = "<group>"; };
		OBJ_74 /* ComposableClientBehavior.swift */ = {isa = PBXFileReference; lastKnownFileType = sourcecode.swift; path = ComposableClientBehavior.swift; sourceTree = "<group>"; };
		OBJ_75 /* DeviceIdHeaderClientBehavior.swift */ = {isa = PBXFileReference; lastKnownFileType = sourcecode.swift; path = DeviceIdHeaderClientBehavior.swift; sourceTree = "<group>"; };
		OBJ_76 /* EmptyClientBehavior.swift */ = {isa = PBXFileReference; lastKnownFileType = sourcecode.swift; path = EmptyClientBehavior.swift; sourceTree = "<group>"; };
		OBJ_77 /* RequestErrorClientBehavior.swift */ = {isa = PBXFileReference; lastKnownFileType = sourcecode.swift; path = RequestErrorClientBehavior.swift; sourceTree = "<group>"; };
		OBJ_78 /* SDKHeaderClientBehavior.swift */ = {isa = PBXFileReference; lastKnownFileType = sourcecode.swift; path = SDKHeaderClientBehavior.swift; sourceTree = "<group>"; };
		OBJ_79 /* HTTPStatusCodeError.swift */ = {isa = PBXFileReference; lastKnownFileType = sourcecode.swift; path = HTTPStatusCodeError.swift; sourceTree = "<group>"; };
		OBJ_80 /* RESTClient.swift */ = {isa = PBXFileReference; lastKnownFileType = sourcecode.swift; path = RESTClient.swift; sourceTree = "<group>"; };
		OBJ_81 /* RESTContentType.swift */ = {isa = PBXFileReference; lastKnownFileType = sourcecode.swift; path = RESTContentType.swift; sourceTree = "<group>"; };
		OBJ_82 /* RESTMethod.swift */ = {isa = PBXFileReference; lastKnownFileType = sourcecode.swift; path = RESTMethod.swift; sourceTree = "<group>"; };
		OBJ_83 /* RESTRequest.swift */ = {isa = PBXFileReference; lastKnownFileType = sourcecode.swift; path = RESTRequest.swift; sourceTree = "<group>"; };
		OBJ_86 /* RESTAccount.swift */ = {isa = PBXFileReference; lastKnownFileType = sourcecode.swift; path = RESTAccount.swift; sourceTree = "<group>"; };
		OBJ_87 /* RESTAccountDetails.swift */ = {isa = PBXFileReference; lastKnownFileType = sourcecode.swift; path = RESTAccountDetails.swift; sourceTree = "<group>"; };
		OBJ_88 /* RESTAccountListResponse.swift */ = {isa = PBXFileReference; lastKnownFileType = sourcecode.swift; path = RESTAccountListResponse.swift; sourceTree = "<group>"; };
		OBJ_89 /* RESTBeneficiary.swift */ = {isa = PBXFileReference; lastKnownFileType = sourcecode.swift; path = RESTBeneficiary.swift; sourceTree = "<group>"; };
		OBJ_9 /* Info.plist */ = {isa = PBXFileReference; lastKnownFileType = text.plist.xml; path = Info.plist; sourceTree = "<group>"; };
		OBJ_90 /* RESTBeneficiaryListResponse.swift */ = {isa = PBXFileReference; lastKnownFileType = sourcecode.swift; path = RESTBeneficiaryListResponse.swift; sourceTree = "<group>"; };
		OBJ_91 /* RESTCurrencyDenominatedAmount.swift */ = {isa = PBXFileReference; lastKnownFileType = sourcecode.swift; path = RESTCurrencyDenominatedAmount.swift; sourceTree = "<group>"; };
		OBJ_92 /* RESTSignableOperation.swift */ = {isa = PBXFileReference; lastKnownFileType = sourcecode.swift; path = RESTSignableOperation.swift; sourceTree = "<group>"; };
		OBJ_93 /* RESTTransferDestination.swift */ = {isa = PBXFileReference; lastKnownFileType = sourcecode.swift; path = RESTTransferDestination.swift; sourceTree = "<group>"; };
		OBJ_94 /* RESTTransferRequest.swift */ = {isa = PBXFileReference; lastKnownFileType = sourcecode.swift; path = RESTTransferRequest.swift; sourceTree = "<group>"; };
		OBJ_95 /* RESTAnonymousUserRequest.swift */ = {isa = PBXFileReference; lastKnownFileType = sourcecode.swift; path = RESTAnonymousUserRequest.swift; sourceTree = "<group>"; };
		OBJ_96 /* RESTCallbackRelayedRequest.swift */ = {isa = PBXFileReference; lastKnownFileType = sourcecode.swift; path = RESTCallbackRelayedRequest.swift; sourceTree = "<group>"; };
		OBJ_97 /* RESTCreateCredentialsRequest.swift */ = {isa = PBXFileReference; lastKnownFileType = sourcecode.swift; path = RESTCreateCredentialsRequest.swift; sourceTree = "<group>"; };
		OBJ_98 /* RESTCredentials.swift */ = {isa = PBXFileReference; lastKnownFileType = sourcecode.swift; path = RESTCredentials.swift; sourceTree = "<group>"; };
		OBJ_99 /* RESTDescribeOAuth2ClientRequest.swift */ = {isa = PBXFileReference; lastKnownFileType = sourcecode.swift; path = RESTDescribeOAuth2ClientRequest.swift; sourceTree = "<group>"; };
		"TinkLink::TinkLink::Product" /* TinkLink.framework */ = {isa = PBXFileReference; lastKnownFileType = wrapper.framework; path = TinkLink.framework; sourceTree = BUILT_PRODUCTS_DIR; };
		"TinkLink::TinkLinkTests::Product" /* TinkLinkTests.xctest */ = {isa = PBXFileReference; lastKnownFileType = file; path = TinkLinkTests.xctest; sourceTree = BUILT_PRODUCTS_DIR; };
/* End PBXFileReference section */

/* Begin PBXFrameworksBuildPhase section */
		OBJ_312 /* Frameworks */ = {
			isa = PBXFrameworksBuildPhase;
			buildActionMask = 0;
			files = (
			);
			runOnlyForDeploymentPostprocessing = 0;
		};
		OBJ_356 /* Frameworks */ = {
			isa = PBXFrameworksBuildPhase;
			buildActionMask = 0;
			files = (
				OBJ_357 /* TinkLink.framework in Frameworks */,
			);
			runOnlyForDeploymentPostprocessing = 0;
		};
/* End PBXFrameworksBuildPhase section */

/* Begin PBXGroup section */
		OBJ_110 /* Services */ = {
			isa = PBXGroup;
			children = (
				OBJ_111 /* Payment */,
				OBJ_113 /* RESTAuthenticationService.swift */,
				OBJ_114 /* RESTCredentialService.swift */,
				OBJ_115 /* RESTOAuthService.swift */,
				OBJ_116 /* RESTProviderService.swift */,
				OBJ_117 /* RESTUserService.swift */,
			);
			path = Services;
			sourceTree = "<group>";
		};
		OBJ_111 /* Payment */ = {
			isa = PBXGroup;
			children = (
				OBJ_112 /* RESTTransferService.swift */,
			);
			path = Payment;
			sourceTree = "<group>";
		};
		OBJ_119 /* Services */ = {
			isa = PBXGroup;
			children = (
				OBJ_120 /* AuthenticationService.swift */,
				OBJ_121 /* Cancellable.swift */,
				OBJ_122 /* CredentialsService.swift */,
				OBJ_123 /* NetworkReachability.swift */,
				OBJ_124 /* OAuthService.swift */,
				OBJ_125 /* ProviderService.swift */,
				OBJ_126 /* Retriable.swift */,
				OBJ_127 /* RetryCancellable.swift */,
				OBJ_128 /* ServiceError.swift */,
				OBJ_129 /* TransferService.swift */,
				OBJ_130 /* UserService.swift */,
			);
			path = Services;
			sourceTree = "<group>";
		};
		OBJ_12 /* Context */ = {
			isa = PBXGroup;
			children = (
				OBJ_13 /* AuthorizationContext.swift */,
				OBJ_14 /* ConsentContext.swift */,
				OBJ_15 /* CredentialsContext.swift */,
				OBJ_16 /* ProviderContext.swift */,
				OBJ_17 /* TransferContext.swift */,
			);
			path = Context;
			sourceTree = "<group>";
		};
		OBJ_131 /* Tasks */ = {
			isa = PBXGroup;
			children = (
				OBJ_132 /* AddCredentialsTask.swift */,
				OBJ_133 /* CredentialsListStatusPollingTask.swift */,
				OBJ_134 /* InitiateTransferTask.swift */,
				OBJ_135 /* PollingTask.swift */,
				OBJ_136 /* RefreshCredentialsTask.swift */,
				OBJ_137 /* SupplementInformationTask.swift */,
				OBJ_138 /* ThirdPartyAppAuthenticationTask.swift */,
			);
			path = Tasks;
			sourceTree = "<group>";
		};
		OBJ_140 /* Tests */ = {
			isa = PBXGroup;
			children = (
				OBJ_141 /* TinkLinkTests */,
			);
			name = Tests;
			sourceTree = SOURCE_ROOT;
		};
		OBJ_141 /* TinkLinkTests */ = {
			isa = PBXGroup;
			children = (
				OBJ_142 /* Info.plist */,
				OBJ_143 /* ConfigurationTests.swift */,
				OBJ_144 /* CredentialRESTTests.swift */,
				OBJ_145 /* CredentialsContextTest.swift */,
				OBJ_146 /* FormTests.swift */,
				OBJ_147 /* LinkTests.swift */,
				OBJ_148 /* Model+mock */,
				OBJ_155 /* Payment */,
				OBJ_161 /* ProviderRESTTests.swift */,
				OBJ_162 /* ProviderTreeTests.swift */,
				OBJ_163 /* Services+mock */,
				OBJ_172 /* SupplementalInfoFieldTests.swift */,
				OBJ_173 /* ThirdPartyCallbackTests.swift */,
			);
			name = TinkLinkTests;
			path = Tests/TinkLinkTests;
			sourceTree = SOURCE_ROOT;
		};
		OBJ_148 /* Model+mock */ = {
			isa = PBXGroup;
			children = (
				OBJ_149 /* Account+mock.swift */,
				OBJ_150 /* Beneficiary+mock.swift */,
				OBJ_151 /* Credential+mock.swift */,
				OBJ_152 /* Provider+mock.swift */,
				OBJ_153 /* ServiceError+mock.swift */,
				OBJ_154 /* SignableOperation+mock.swift */,
			);
			path = "Model+mock";
			sourceTree = "<group>";
		};
		OBJ_155 /* Payment */ = {
			isa = PBXGroup;
			children = (
				OBJ_156 /* AccountRESTTest.swift */,
				OBJ_157 /* BeneficiaryRESTTest.swift */,
				OBJ_158 /* CurrencyDenominatedAmountTests.swift */,
				OBJ_159 /* TransferContextTest.swift */,
				OBJ_160 /* TransferRESTTest.swift */,
			);
			path = Payment;
			sourceTree = "<group>";
		};
		OBJ_163 /* Services+mock */ = {
			isa = PBXGroup;
			children = (
				OBJ_164 /* CredentialService+mock.swift */,
				OBJ_165 /* OAuthService+mock.swift */,
				OBJ_166 /* ProviderService+mock.swift */,
				OBJ_167 /* RetryCancellable+mock.swift */,
				OBJ_168 /* UserService+mock.swift */,
				OBJ_169 /* payment */,
			);
			path = "Services+mock";
			sourceTree = "<group>";
		};
		OBJ_169 /* payment */ = {
			isa = PBXGroup;
			children = (
				OBJ_170 /* CredentialsService+paymentMock.swift */,
				OBJ_171 /* TransferService+mock.swift */,
			);
			path = payment;
			sourceTree = "<group>";
		};
		OBJ_174 /* Products */ = {
			isa = PBXGroup;
			children = (
				"TinkLink::TinkLink::Product" /* TinkLink.framework */,
				"TinkLink::TinkLinkTests::Product" /* TinkLinkTests.xctest */,
			);
			name = Products;
			sourceTree = BUILT_PRODUCTS_DIR;
		};
		OBJ_19 /* Extensions */ = {
			isa = PBXGroup;
			children = (
				OBJ_20 /* Credentials+Extension.swift */,
				OBJ_21 /* Locale+Extensions.swift */,
				OBJ_22 /* ProcessInfo+TinkEnvironmentVariables.swift */,
				OBJ_23 /* Result+Extensions.swift */,
				OBJ_24 /* SecCertificate+Swift.swift */,
				OBJ_25 /* SecTrust+Swift.swift */,
				OBJ_26 /* URLComponents+FragmentParameters.swift */,
			);
			path = Extensions;
			sourceTree = "<group>";
		};
		OBJ_27 /* Models */ = {
			isa = PBXGroup;
			children = (
				OBJ_28 /* AccessToken.swift */,
				OBJ_29 /* AuthenticateResponse.swift */,
				OBJ_30 /* AuthorizationCode.swift */,
				OBJ_31 /* AuthorizationResponse.swift */,
				OBJ_32 /* ClientDescription.swift */,
				OBJ_33 /* Credentials.swift */,
				OBJ_34 /* FinancialInstitution.swift */,
				OBJ_35 /* Form.swift */,
				OBJ_36 /* Mappers */,
				OBJ_47 /* Market.swift */,
				OBJ_48 /* Payment */,
				OBJ_60 /* Provider.swift */,
				OBJ_61 /* ProviderTree.swift */,
				OBJ_62 /* RefreshableItem.swift */,
				OBJ_63 /* Scope.swift */,
				OBJ_64 /* ScopeDescription.swift */,
				OBJ_65 /* User.swift */,
				OBJ_66 /* UserProfile.swift */,
			);
			path = Models;
			sourceTree = "<group>";
		};
		OBJ_36 /* Mappers */ = {
			isa = PBXGroup;
			children = (
				OBJ_37 /* Account+REST.swift */,
				OBJ_38 /* AccountDetails+REST.swift */,
				OBJ_39 /* Beneficiary+REST.swift */,
				OBJ_40 /* ClientDescription+REST.swift */,
				OBJ_41 /* Credentials+REST.swift */,
				OBJ_42 /* CurrencyDenominatedAmount+REST.swift */,
				OBJ_43 /* Provider+REST.swift */,
				OBJ_44 /* SignableOperation+REST.swift */,
				OBJ_45 /* TransferDestination+REST.swift */,
				OBJ_46 /* UserProfile+REST.swift */,
			);
			path = Mappers;
			sourceTree = "<group>";
		};
		OBJ_48 /* Payment */ = {
			isa = PBXGroup;
			children = (
				OBJ_49 /* Account+URI.swift */,
				OBJ_50 /* Account.swift */,
				OBJ_51 /* AccountDetail.swift */,
				OBJ_52 /* Beneficiary+URI.swift */,
				OBJ_53 /* Beneficiary.swift */,
				OBJ_54 /* CurrencyCode.swift */,
				OBJ_55 /* CurrencyDenominatedAmount.swift */,
				OBJ_56 /* SignableOperation.swift */,
				OBJ_57 /* Transfer.swift */,
				OBJ_58 /* TransferDestination.swift */,
				OBJ_59 /* TransferMessage.swift */,
			);
			path = Payment;
			sourceTree = "<group>";
		};
		OBJ_5 /*  */ = {
			isa = PBXGroup;
			children = (
				OBJ_7 /* Sources */,
				OBJ_140 /* Tests */,
				OBJ_174 /* Products */,
			);
			name = "";
			sourceTree = "<group>";
		};
		OBJ_67 /* REST */ = {
			isa = PBXGroup;
			children = (
				OBJ_68 /* CertificatePinningDelegate.swift */,
				OBJ_69 /* Client */,
				OBJ_84 /* Models */,
				OBJ_110 /* Services */,
				OBJ_118 /* URLSessionRequestRetryCancellabel.swift */,
			);
			path = REST;
			sourceTree = "<group>";
		};
		OBJ_69 /* Client */ = {
			isa = PBXGroup;
			children = (
				OBJ_70 /* AnyCanceller.swift */,
				OBJ_71 /* Behaviors */,
				OBJ_79 /* HTTPStatusCodeError.swift */,
				OBJ_80 /* RESTClient.swift */,
				OBJ_81 /* RESTContentType.swift */,
				OBJ_82 /* RESTMethod.swift */,
				OBJ_83 /* RESTRequest.swift */,
			);
			path = Client;
			sourceTree = "<group>";
		};
		OBJ_7 /* Sources */ = {
			isa = PBXGroup;
			children = (
				OBJ_8 /* TinkLink */,
			);
			name = Sources;
			sourceTree = SOURCE_ROOT;
		};
		OBJ_71 /* Behaviors */ = {
			isa = PBXGroup;
			children = (
				OBJ_72 /* AuthorizationHeaderClientBehavior.swift */,
				OBJ_73 /* ClientBehavior.swift */,
				OBJ_74 /* ComposableClientBehavior.swift */,
				OBJ_75 /* DeviceIdHeaderClientBehavior.swift */,
				OBJ_76 /* EmptyClientBehavior.swift */,
				OBJ_77 /* RequestErrorClientBehavior.swift */,
				OBJ_78 /* SDKHeaderClientBehavior.swift */,
			);
			path = Behaviors;
			sourceTree = "<group>";
		};
		OBJ_8 /* TinkLink */ = {
			isa = PBXGroup;
			children = (
				OBJ_9 /* Info.plist */,
				OBJ_10 /* ApplicationObserver.swift */,
				OBJ_11 /* Configuration.swift */,
				OBJ_12 /* Context */,
				OBJ_18 /* Environment.swift */,
				OBJ_19 /* Extensions */,
				OBJ_27 /* Models */,
				OBJ_67 /* REST */,
				OBJ_119 /* Services */,
				OBJ_131 /* Tasks */,
				OBJ_139 /* Tink.swift */,
			);
			name = TinkLink;
			path = Sources/TinkLink;
			sourceTree = SOURCE_ROOT;
		};
		OBJ_84 /* Models */ = {
			isa = PBXGroup;
			children = (
				OBJ_85 /* Payment */,
				OBJ_95 /* RESTAnonymousUserRequest.swift */,
				OBJ_96 /* RESTCallbackRelayedRequest.swift */,
				OBJ_97 /* RESTCreateCredentialsRequest.swift */,
				OBJ_98 /* RESTCredentials.swift */,
				OBJ_99 /* RESTDescribeOAuth2ClientRequest.swift */,
				OBJ_100 /* RESTError.swift */,
				OBJ_101 /* RESTField.swift */,
				OBJ_102 /* RESTImageUrls.swift */,
				OBJ_103 /* RESTProvider.swift */,
				OBJ_104 /* RESTSupplementalInformation.swift */,
				OBJ_105 /* RESTThirdPartyAppAuthenticationPayload.swift */,
				OBJ_106 /* RESTUpdateCredentialsRequest.swift */,
				OBJ_107 /* RESTUserProfile.swift */,
				OBJ_108 /* ScopeDescription+REST.swift */,
				OBJ_109 /* UserSession.swift */,
			);
			path = Models;
			sourceTree = "<group>";
		};
		OBJ_85 /* Payment */ = {
			isa = PBXGroup;
			children = (
				OBJ_86 /* RESTAccount.swift */,
				OBJ_87 /* RESTAccountDetails.swift */,
				OBJ_88 /* RESTAccountListResponse.swift */,
				OBJ_89 /* RESTBeneficiary.swift */,
				OBJ_90 /* RESTBeneficiaryListResponse.swift */,
				OBJ_91 /* RESTCurrencyDenominatedAmount.swift */,
				OBJ_92 /* RESTSignableOperation.swift */,
				OBJ_93 /* RESTTransferDestination.swift */,
				OBJ_94 /* RESTTransferRequest.swift */,
			);
			path = Payment;
			sourceTree = "<group>";
		};
/* End PBXGroup section */

/* Begin PBXNativeTarget section */
		"TinkLink::SwiftPMPackageDescription" /* TinkLinkPackageDescription */ = {
			isa = PBXNativeTarget;
			buildConfigurationList = OBJ_314 /* Build configuration list for PBXNativeTarget "TinkLinkPackageDescription" */;
			buildPhases = (
				OBJ_317 /* Sources */,
			);
			buildRules = (
			);
			dependencies = (
			);
			name = TinkLinkPackageDescription;
			productName = TinkLinkPackageDescription;
			productType = "com.apple.product-type.framework";
		};
		"TinkLink::TinkLink" /* TinkLink */ = {
			isa = PBXNativeTarget;
			buildConfigurationList = OBJ_192 /* Build configuration list for PBXNativeTarget "TinkLink" */;
			buildPhases = (
				OBJ_195 /* Sources */,
				OBJ_312 /* Frameworks */,
			);
			buildRules = (
			);
			dependencies = (
			);
			name = TinkLink;
			productName = TinkLink;
			productReference = "TinkLink::TinkLink::Product" /* TinkLink.framework */;
			productType = "com.apple.product-type.framework";
		};
		"TinkLink::TinkLinkTests" /* TinkLinkTests */ = {
			isa = PBXNativeTarget;
			buildConfigurationList = OBJ_325 /* Build configuration list for PBXNativeTarget "TinkLinkTests" */;
			buildPhases = (
				OBJ_328 /* Sources */,
				OBJ_356 /* Frameworks */,
			);
			buildRules = (
			);
			dependencies = (
				OBJ_358 /* PBXTargetDependency */,
			);
			name = TinkLinkTests;
			productName = TinkLinkTests;
			productReference = "TinkLink::TinkLinkTests::Product" /* TinkLinkTests.xctest */;
			productType = "com.apple.product-type.bundle.unit-test";
		};
/* End PBXNativeTarget section */

/* Begin PBXProject section */
		OBJ_1 /* Project object */ = {
			isa = PBXProject;
			attributes = {
				LastSwiftMigration = 9999;
				LastUpgradeCheck = 9999;
			};
			buildConfigurationList = OBJ_2 /* Build configuration list for PBXProject "TinkLink" */;
			compatibilityVersion = "Xcode 3.2";
			developmentRegion = en;
			hasScannedForEncodings = 0;
			knownRegions = (
				en,
			);
			mainGroup = OBJ_5 /*  */;
			productRefGroup = OBJ_174 /* Products */;
			projectDirPath = "";
			projectRoot = "";
			targets = (
				"TinkLink::TinkLink" /* TinkLink */,
				"TinkLink::SwiftPMPackageDescription" /* TinkLinkPackageDescription */,
				"TinkLink::TinkLinkPackageTests::ProductTarget" /* TinkLinkPackageTests */,
				"TinkLink::TinkLinkTests" /* TinkLinkTests */,
			);
		};
/* End PBXProject section */

/* Begin PBXSourcesBuildPhase section */
		OBJ_195 /* Sources */ = {
			isa = PBXSourcesBuildPhase;
			buildActionMask = 0;
			files = (
				OBJ_196 /* ApplicationObserver.swift in Sources */,
				OBJ_197 /* Configuration.swift in Sources */,
				OBJ_198 /* AuthorizationContext.swift in Sources */,
				OBJ_199 /* ConsentContext.swift in Sources */,
				OBJ_200 /* CredentialsContext.swift in Sources */,
				OBJ_201 /* ProviderContext.swift in Sources */,
				OBJ_202 /* TransferContext.swift in Sources */,
				OBJ_203 /* Environment.swift in Sources */,
				OBJ_204 /* Credentials+Extension.swift in Sources */,
				OBJ_205 /* Locale+Extensions.swift in Sources */,
				OBJ_206 /* ProcessInfo+TinkEnvironmentVariables.swift in Sources */,
				OBJ_207 /* Result+Extensions.swift in Sources */,
				OBJ_208 /* SecCertificate+Swift.swift in Sources */,
				OBJ_209 /* SecTrust+Swift.swift in Sources */,
				OBJ_210 /* URLComponents+FragmentParameters.swift in Sources */,
				OBJ_211 /* AccessToken.swift in Sources */,
				OBJ_212 /* AuthenticateResponse.swift in Sources */,
				OBJ_213 /* AuthorizationCode.swift in Sources */,
				OBJ_214 /* AuthorizationResponse.swift in Sources */,
				OBJ_215 /* ClientDescription.swift in Sources */,
				OBJ_216 /* Credentials.swift in Sources */,
				OBJ_217 /* FinancialInstitution.swift in Sources */,
				OBJ_218 /* Form.swift in Sources */,
				OBJ_219 /* Account+REST.swift in Sources */,
				OBJ_220 /* AccountDetails+REST.swift in Sources */,
				OBJ_221 /* Beneficiary+REST.swift in Sources */,
				OBJ_222 /* ClientDescription+REST.swift in Sources */,
				OBJ_223 /* Credentials+REST.swift in Sources */,
				OBJ_224 /* CurrencyDenominatedAmount+REST.swift in Sources */,
				OBJ_225 /* Provider+REST.swift in Sources */,
				OBJ_226 /* SignableOperation+REST.swift in Sources */,
				OBJ_227 /* TransferDestination+REST.swift in Sources */,
				OBJ_228 /* UserProfile+REST.swift in Sources */,
				OBJ_229 /* Market.swift in Sources */,
				OBJ_230 /* Account+URI.swift in Sources */,
				OBJ_231 /* Account.swift in Sources */,
				OBJ_232 /* AccountDetail.swift in Sources */,
				OBJ_233 /* Beneficiary+URI.swift in Sources */,
				OBJ_234 /* Beneficiary.swift in Sources */,
				OBJ_235 /* CurrencyCode.swift in Sources */,
				OBJ_236 /* CurrencyDenominatedAmount.swift in Sources */,
				OBJ_237 /* SignableOperation.swift in Sources */,
				OBJ_238 /* Transfer.swift in Sources */,
				OBJ_239 /* TransferDestination.swift in Sources */,
				OBJ_240 /* TransferMessage.swift in Sources */,
				OBJ_241 /* Provider.swift in Sources */,
				OBJ_242 /* ProviderTree.swift in Sources */,
				OBJ_243 /* RefreshableItem.swift in Sources */,
				OBJ_244 /* Scope.swift in Sources */,
				OBJ_245 /* ScopeDescription.swift in Sources */,
				OBJ_246 /* User.swift in Sources */,
				OBJ_247 /* UserProfile.swift in Sources */,
				OBJ_248 /* CertificatePinningDelegate.swift in Sources */,
				OBJ_249 /* AnyCanceller.swift in Sources */,
				OBJ_250 /* AuthorizationHeaderClientBehavior.swift in Sources */,
				OBJ_251 /* ClientBehavior.swift in Sources */,
				OBJ_252 /* ComposableClientBehavior.swift in Sources */,
				OBJ_253 /* DeviceIdHeaderClientBehavior.swift in Sources */,
				OBJ_254 /* EmptyClientBehavior.swift in Sources */,
				OBJ_255 /* RequestErrorClientBehavior.swift in Sources */,
				OBJ_256 /* SDKHeaderClientBehavior.swift in Sources */,
				OBJ_257 /* HTTPStatusCodeError.swift in Sources */,
				OBJ_258 /* RESTClient.swift in Sources */,
				OBJ_259 /* RESTContentType.swift in Sources */,
				OBJ_260 /* RESTMethod.swift in Sources */,
				OBJ_261 /* RESTRequest.swift in Sources */,
				OBJ_262 /* RESTAccount.swift in Sources */,
				OBJ_263 /* RESTAccountDetails.swift in Sources */,
				OBJ_264 /* RESTAccountListResponse.swift in Sources */,
				OBJ_265 /* RESTBeneficiary.swift in Sources */,
				OBJ_266 /* RESTBeneficiaryListResponse.swift in Sources */,
				OBJ_267 /* RESTCurrencyDenominatedAmount.swift in Sources */,
				OBJ_268 /* RESTSignableOperation.swift in Sources */,
				OBJ_269 /* RESTTransferDestination.swift in Sources */,
				OBJ_270 /* RESTTransferRequest.swift in Sources */,
				OBJ_271 /* RESTAnonymousUserRequest.swift in Sources */,
				OBJ_272 /* RESTCallbackRelayedRequest.swift in Sources */,
				OBJ_273 /* RESTCreateCredentialsRequest.swift in Sources */,
				OBJ_274 /* RESTCredentials.swift in Sources */,
				OBJ_275 /* RESTDescribeOAuth2ClientRequest.swift in Sources */,
				OBJ_276 /* RESTError.swift in Sources */,
				OBJ_277 /* RESTField.swift in Sources */,
				OBJ_278 /* RESTImageUrls.swift in Sources */,
				OBJ_279 /* RESTProvider.swift in Sources */,
				OBJ_280 /* RESTSupplementalInformation.swift in Sources */,
				OBJ_281 /* RESTThirdPartyAppAuthenticationPayload.swift in Sources */,
				OBJ_282 /* RESTUpdateCredentialsRequest.swift in Sources */,
				OBJ_283 /* RESTUserProfile.swift in Sources */,
				OBJ_284 /* ScopeDescription+REST.swift in Sources */,
				OBJ_285 /* UserSession.swift in Sources */,
				OBJ_286 /* RESTTransferService.swift in Sources */,
				OBJ_287 /* RESTAuthenticationService.swift in Sources */,
				OBJ_288 /* RESTCredentialService.swift in Sources */,
				OBJ_289 /* RESTOAuthService.swift in Sources */,
				OBJ_290 /* RESTProviderService.swift in Sources */,
				OBJ_291 /* RESTUserService.swift in Sources */,
				OBJ_292 /* URLSessionRequestRetryCancellabel.swift in Sources */,
				OBJ_293 /* AuthenticationService.swift in Sources */,
				OBJ_294 /* Cancellable.swift in Sources */,
				OBJ_295 /* CredentialsService.swift in Sources */,
				OBJ_296 /* NetworkReachability.swift in Sources */,
				OBJ_297 /* OAuthService.swift in Sources */,
				OBJ_298 /* ProviderService.swift in Sources */,
				OBJ_299 /* Retriable.swift in Sources */,
				OBJ_300 /* RetryCancellable.swift in Sources */,
				OBJ_301 /* ServiceError.swift in Sources */,
				OBJ_302 /* TransferService.swift in Sources */,
				OBJ_303 /* UserService.swift in Sources */,
				OBJ_304 /* AddCredentialsTask.swift in Sources */,
				OBJ_305 /* CredentialsListStatusPollingTask.swift in Sources */,
				OBJ_306 /* InitiateTransferTask.swift in Sources */,
				OBJ_307 /* PollingTask.swift in Sources */,
				OBJ_308 /* RefreshCredentialsTask.swift in Sources */,
				OBJ_309 /* SupplementInformationTask.swift in Sources */,
				OBJ_310 /* ThirdPartyAppAuthenticationTask.swift in Sources */,
				OBJ_311 /* Tink.swift in Sources */,
			);
			runOnlyForDeploymentPostprocessing = 0;
		};
		OBJ_317 /* Sources */ = {
			isa = PBXSourcesBuildPhase;
			buildActionMask = 0;
			files = (
			);
			runOnlyForDeploymentPostprocessing = 0;
		};
		OBJ_328 /* Sources */ = {
			isa = PBXSourcesBuildPhase;
			buildActionMask = 0;
			files = (
				OBJ_329 /* ConfigurationTests.swift in Sources */,
				OBJ_330 /* CredentialRESTTests.swift in Sources */,
				OBJ_331 /* CredentialsContextTest.swift in Sources */,
				OBJ_332 /* FormTests.swift in Sources */,
				OBJ_333 /* LinkTests.swift in Sources */,
				OBJ_334 /* Account+mock.swift in Sources */,
				OBJ_335 /* Beneficiary+mock.swift in Sources */,
				OBJ_336 /* Credential+mock.swift in Sources */,
				OBJ_337 /* Provider+mock.swift in Sources */,
				OBJ_338 /* ServiceError+mock.swift in Sources */,
				OBJ_339 /* SignableOperation+mock.swift in Sources */,
				OBJ_340 /* AccountRESTTest.swift in Sources */,
				OBJ_341 /* BeneficiaryRESTTest.swift in Sources */,
				OBJ_342 /* CurrencyDenominatedAmountTests.swift in Sources */,
				OBJ_343 /* TransferContextTest.swift in Sources */,
				OBJ_344 /* TransferRESTTest.swift in Sources */,
				OBJ_345 /* ProviderRESTTests.swift in Sources */,
				OBJ_346 /* ProviderTreeTests.swift in Sources */,
				OBJ_347 /* CredentialService+mock.swift in Sources */,
				OBJ_348 /* OAuthService+mock.swift in Sources */,
				OBJ_349 /* ProviderService+mock.swift in Sources */,
				OBJ_350 /* RetryCancellable+mock.swift in Sources */,
				OBJ_351 /* UserService+mock.swift in Sources */,
				OBJ_352 /* CredentialsService+paymentMock.swift in Sources */,
				OBJ_353 /* TransferService+mock.swift in Sources */,
				OBJ_354 /* SupplementalInfoFieldTests.swift in Sources */,
				OBJ_355 /* ThirdPartyCallbackTests.swift in Sources */,
			);
			runOnlyForDeploymentPostprocessing = 0;
		};
/* End PBXSourcesBuildPhase section */

/* Begin PBXTargetDependency section */
		OBJ_323 /* PBXTargetDependency */ = {
			isa = PBXTargetDependency;
			target = "TinkLink::TinkLinkTests" /* TinkLinkTests */;
			targetProxy = 20A25787248135110030957F /* PBXContainerItemProxy */;
		};
		OBJ_358 /* PBXTargetDependency */ = {
			isa = PBXTargetDependency;
			target = "TinkLink::TinkLink" /* TinkLink */;
			targetProxy = 20A257862481350E0030957F /* PBXContainerItemProxy */;
		};
/* End PBXTargetDependency section */

/* Begin XCBuildConfiguration section */
		OBJ_193 /* Debug */ = {
			isa = XCBuildConfiguration;
			buildSettings = {
				ENABLE_TESTABILITY = YES;
				FRAMEWORK_SEARCH_PATHS = (
					"$(inherited)",
					"$(PLATFORM_DIR)/Developer/Library/Frameworks",
				);
				HEADER_SEARCH_PATHS = "$(inherited)";
				INFOPLIST_FILE = TinkLink.xcodeproj/TinkLink_Info.plist;
				IPHONEOS_DEPLOYMENT_TARGET = 11.0;
				LD_RUNPATH_SEARCH_PATHS = "$(inherited) $(TOOLCHAIN_DIR)/usr/lib/swift/macosx";
				MACOSX_DEPLOYMENT_TARGET = 10.13;
				OTHER_CFLAGS = "$(inherited)";
				OTHER_LDFLAGS = "$(inherited)";
				OTHER_SWIFT_FLAGS = "$(inherited)";
				PRODUCT_BUNDLE_IDENTIFIER = TinkLink;
				PRODUCT_MODULE_NAME = "$(TARGET_NAME:c99extidentifier)";
				PRODUCT_NAME = "$(TARGET_NAME:c99extidentifier)";
				SKIP_INSTALL = YES;
				SWIFT_ACTIVE_COMPILATION_CONDITIONS = "$(inherited)";
				SWIFT_VERSION = 5.0;
				TARGET_NAME = TinkLink;
				TVOS_DEPLOYMENT_TARGET = 9.0;
				WATCHOS_DEPLOYMENT_TARGET = 2.0;
			};
			name = Debug;
		};
		OBJ_194 /* Release */ = {
			isa = XCBuildConfiguration;
			buildSettings = {
				ENABLE_TESTABILITY = YES;
				FRAMEWORK_SEARCH_PATHS = (
					"$(inherited)",
					"$(PLATFORM_DIR)/Developer/Library/Frameworks",
				);
				HEADER_SEARCH_PATHS = "$(inherited)";
				INFOPLIST_FILE = TinkLink.xcodeproj/TinkLink_Info.plist;
				IPHONEOS_DEPLOYMENT_TARGET = 11.0;
				LD_RUNPATH_SEARCH_PATHS = "$(inherited) $(TOOLCHAIN_DIR)/usr/lib/swift/macosx";
				MACOSX_DEPLOYMENT_TARGET = 10.13;
				OTHER_CFLAGS = "$(inherited)";
				OTHER_LDFLAGS = "$(inherited)";
				OTHER_SWIFT_FLAGS = "$(inherited)";
				PRODUCT_BUNDLE_IDENTIFIER = TinkLink;
				PRODUCT_MODULE_NAME = "$(TARGET_NAME:c99extidentifier)";
				PRODUCT_NAME = "$(TARGET_NAME:c99extidentifier)";
				SKIP_INSTALL = YES;
				SWIFT_ACTIVE_COMPILATION_CONDITIONS = "$(inherited)";
				SWIFT_VERSION = 5.0;
				TARGET_NAME = TinkLink;
				TVOS_DEPLOYMENT_TARGET = 9.0;
				WATCHOS_DEPLOYMENT_TARGET = 2.0;
			};
			name = Release;
		};
		OBJ_3 /* Debug */ = {
			isa = XCBuildConfiguration;
			buildSettings = {
				CLANG_ENABLE_OBJC_ARC = YES;
				COMBINE_HIDPI_IMAGES = YES;
				COPY_PHASE_STRIP = NO;
				DEBUG_INFORMATION_FORMAT = dwarf;
				DYLIB_INSTALL_NAME_BASE = "@rpath";
				ENABLE_NS_ASSERTIONS = YES;
				GCC_OPTIMIZATION_LEVEL = 0;
				GCC_PREPROCESSOR_DEFINITIONS = (
					"$(inherited)",
					"SWIFT_PACKAGE=1",
					"DEBUG=1",
				);
				MACOSX_DEPLOYMENT_TARGET = 10.10;
				ONLY_ACTIVE_ARCH = YES;
				OTHER_SWIFT_FLAGS = "$(inherited) -DXcode";
				PRODUCT_NAME = "$(TARGET_NAME)";
				SDKROOT = macosx;
				SUPPORTED_PLATFORMS = "macosx iphoneos iphonesimulator";
				SWIFT_ACTIVE_COMPILATION_CONDITIONS = "$(inherited) SWIFT_PACKAGE DEBUG";
				SWIFT_OPTIMIZATION_LEVEL = "-Onone";
				USE_HEADERMAP = NO;
			};
			name = Debug;
		};
		OBJ_315 /* Debug */ = {
			isa = XCBuildConfiguration;
			buildSettings = {
				LD = /usr/bin/true;
				OTHER_SWIFT_FLAGS = "-swift-version 5 -I $(TOOLCHAIN_DIR)/usr/lib/swift/pm/4_2 -target x86_64-apple-macosx10.10 -sdk /Applications/Xcode.app/Contents/Developer/Platforms/MacOSX.platform/Developer/SDKs/MacOSX10.15.sdk -package-description-version 5.0.0";
				SWIFT_VERSION = 5.0;
			};
			name = Debug;
		};
		OBJ_316 /* Release */ = {
			isa = XCBuildConfiguration;
			buildSettings = {
				LD = /usr/bin/true;
				OTHER_SWIFT_FLAGS = "-swift-version 5 -I $(TOOLCHAIN_DIR)/usr/lib/swift/pm/4_2 -target x86_64-apple-macosx10.10 -sdk /Applications/Xcode.app/Contents/Developer/Platforms/MacOSX.platform/Developer/SDKs/MacOSX10.15.sdk -package-description-version 5.0.0";
				SWIFT_VERSION = 5.0;
			};
			name = Release;
		};
		OBJ_321 /* Debug */ = {
			isa = XCBuildConfiguration;
			buildSettings = {
			};
			name = Debug;
		};
		OBJ_322 /* Release */ = {
			isa = XCBuildConfiguration;
			buildSettings = {
			};
			name = Release;
		};
		OBJ_326 /* Debug */ = {
			isa = XCBuildConfiguration;
			buildSettings = {
				CLANG_ENABLE_MODULES = YES;
				EMBEDDED_CONTENT_CONTAINS_SWIFT = YES;
				FRAMEWORK_SEARCH_PATHS = (
					"$(inherited)",
					"$(PLATFORM_DIR)/Developer/Library/Frameworks",
				);
				HEADER_SEARCH_PATHS = "$(inherited)";
				INFOPLIST_FILE = TinkLink.xcodeproj/TinkLinkTests_Info.plist;
				IPHONEOS_DEPLOYMENT_TARGET = 11.0;
				LD_RUNPATH_SEARCH_PATHS = "$(inherited) @loader_path/../Frameworks @loader_path/Frameworks";
				MACOSX_DEPLOYMENT_TARGET = 10.13;
				OTHER_CFLAGS = "$(inherited)";
				OTHER_LDFLAGS = "$(inherited)";
				OTHER_SWIFT_FLAGS = "$(inherited)";
				SWIFT_ACTIVE_COMPILATION_CONDITIONS = "$(inherited)";
				SWIFT_VERSION = 5.0;
				TARGET_NAME = TinkLinkTests;
				TVOS_DEPLOYMENT_TARGET = 9.0;
				WATCHOS_DEPLOYMENT_TARGET = 2.0;
			};
			name = Debug;
		};
		OBJ_327 /* Release */ = {
			isa = XCBuildConfiguration;
			buildSettings = {
				CLANG_ENABLE_MODULES = YES;
				EMBEDDED_CONTENT_CONTAINS_SWIFT = YES;
				FRAMEWORK_SEARCH_PATHS = (
					"$(inherited)",
					"$(PLATFORM_DIR)/Developer/Library/Frameworks",
				);
				HEADER_SEARCH_PATHS = "$(inherited)";
				INFOPLIST_FILE = TinkLink.xcodeproj/TinkLinkTests_Info.plist;
				IPHONEOS_DEPLOYMENT_TARGET = 11.0;
				LD_RUNPATH_SEARCH_PATHS = "$(inherited) @loader_path/../Frameworks @loader_path/Frameworks";
				MACOSX_DEPLOYMENT_TARGET = 10.13;
				OTHER_CFLAGS = "$(inherited)";
				OTHER_LDFLAGS = "$(inherited)";
				OTHER_SWIFT_FLAGS = "$(inherited)";
				SWIFT_ACTIVE_COMPILATION_CONDITIONS = "$(inherited)";
				SWIFT_VERSION = 5.0;
				TARGET_NAME = TinkLinkTests;
				TVOS_DEPLOYMENT_TARGET = 9.0;
				WATCHOS_DEPLOYMENT_TARGET = 2.0;
			};
			name = Release;
		};
		OBJ_4 /* Release */ = {
			isa = XCBuildConfiguration;
			buildSettings = {
				CLANG_ENABLE_OBJC_ARC = YES;
				COMBINE_HIDPI_IMAGES = YES;
				COPY_PHASE_STRIP = YES;
				DEBUG_INFORMATION_FORMAT = "dwarf-with-dsym";
				DYLIB_INSTALL_NAME_BASE = "@rpath";
				GCC_OPTIMIZATION_LEVEL = s;
				GCC_PREPROCESSOR_DEFINITIONS = (
					"$(inherited)",
					"SWIFT_PACKAGE=1",
				);
				MACOSX_DEPLOYMENT_TARGET = 10.10;
				OTHER_SWIFT_FLAGS = "$(inherited) -DXcode";
				PRODUCT_NAME = "$(TARGET_NAME)";
				SDKROOT = macosx;
				SUPPORTED_PLATFORMS = "macosx iphoneos iphonesimulator";
				SWIFT_ACTIVE_COMPILATION_CONDITIONS = "$(inherited) SWIFT_PACKAGE";
				SWIFT_OPTIMIZATION_LEVEL = "-Owholemodule";
				USE_HEADERMAP = NO;
			};
			name = Release;
		};
/* End XCBuildConfiguration section */

/* Begin XCConfigurationList section */
		OBJ_192 /* Build configuration list for PBXNativeTarget "TinkLink" */ = {
			isa = XCConfigurationList;
			buildConfigurations = (
				OBJ_193 /* Debug */,
				OBJ_194 /* Release */,
			);
			defaultConfigurationIsVisible = 0;
			defaultConfigurationName = Release;
		};
		OBJ_2 /* Build configuration list for PBXProject "TinkLink" */ = {
			isa = XCConfigurationList;
			buildConfigurations = (
				OBJ_3 /* Debug */,
				OBJ_4 /* Release */,
			);
			defaultConfigurationIsVisible = 0;
			defaultConfigurationName = Release;
		};
		OBJ_314 /* Build configuration list for PBXNativeTarget "TinkLinkPackageDescription" */ = {
			isa = XCConfigurationList;
			buildConfigurations = (
				OBJ_315 /* Debug */,
				OBJ_316 /* Release */,
			);
			defaultConfigurationIsVisible = 0;
			defaultConfigurationName = Release;
		};
		OBJ_320 /* Build configuration list for PBXAggregateTarget "TinkLinkPackageTests" */ = {
			isa = XCConfigurationList;
			buildConfigurations = (
				OBJ_321 /* Debug */,
				OBJ_322 /* Release */,
			);
			defaultConfigurationIsVisible = 0;
			defaultConfigurationName = Release;
		};
		OBJ_325 /* Build configuration list for PBXNativeTarget "TinkLinkTests" */ = {
			isa = XCConfigurationList;
			buildConfigurations = (
				OBJ_326 /* Debug */,
				OBJ_327 /* Release */,
			);
			defaultConfigurationIsVisible = 0;
			defaultConfigurationName = Release;
		};
/* End XCConfigurationList section */
	};
	rootObject = OBJ_1 /* Project object */;
}
